// !$*UTF8*$!
{
	archiveVersion = 1;
	classes = {
	};
	objectVersion = 46;
	objects = {

/* Begin PBXBuildFile section */
		CE607EEE1F051DB0007E99DC /* Extension.h in Headers */ = {isa = PBXBuildFile; fileRef = CE607EEC1F051DB0007E99DC /* Extension.h */; settings = {ATTRIBUTES = (Public, ); }; };
		CE607F091F051E26007E99DC /* UIImage+CoreGraphics.swift in Sources */ = {isa = PBXBuildFile; fileRef = CE607EF51F051E26007E99DC /* UIImage+CoreGraphics.swift */; };
		CE607F0A1F051E26007E99DC /* NSAttributedString+Content.swift in Sources */ = {isa = PBXBuildFile; fileRef = CE607EF71F051E26007E99DC /* NSAttributedString+Content.swift */; };
		CE607F0B1F051E26007E99DC /* NSCache+Sandbox.swift in Sources */ = {isa = PBXBuildFile; fileRef = CE607EF81F051E26007E99DC /* NSCache+Sandbox.swift */; };
		CE607F0C1F051E26007E99DC /* NSData+Transfer.swift in Sources */ = {isa = PBXBuildFile; fileRef = CE607EF91F051E26007E99DC /* NSData+Transfer.swift */; };
		CE607F0D1F051E26007E99DC /* NSDictionary+Transfer.swift in Sources */ = {isa = PBXBuildFile; fileRef = CE607EFA1F051E26007E99DC /* NSDictionary+Transfer.swift */; };
		CE607F0E1F051E26007E99DC /* NSObject+HookBlock.swift in Sources */ = {isa = PBXBuildFile; fileRef = CE607EFB1F051E26007E99DC /* NSObject+HookBlock.swift */; };
		CE607F0F1F051E26007E99DC /* NSObject+Transfer.swift in Sources */ = {isa = PBXBuildFile; fileRef = CE607EFC1F051E26007E99DC /* NSObject+Transfer.swift */; };
		CE607F101F051E26007E99DC /* NSString+Regex.swift in Sources */ = {isa = PBXBuildFile; fileRef = CE607EFD1F051E26007E99DC /* NSString+Regex.swift */; };
		CE607F111F051E26007E99DC /* NSString+Size.swift in Sources */ = {isa = PBXBuildFile; fileRef = CE607EFE1F051E26007E99DC /* NSString+Size.swift */; };
		CE607F121F051E26007E99DC /* NSString+Transfer.swift in Sources */ = {isa = PBXBuildFile; fileRef = CE607EFF1F051E26007E99DC /* NSString+Transfer.swift */; };
		CE607F131F051E26007E99DC /* NSString+TypeCheck.swift in Sources */ = {isa = PBXBuildFile; fileRef = CE607F001F051E26007E99DC /* NSString+TypeCheck.swift */; };
		CE607F141F051E26007E99DC /* UIApplication+EventTrack.swift in Sources */ = {isa = PBXBuildFile; fileRef = CE607F021F051E26007E99DC /* UIApplication+EventTrack.swift */; };
		CE607F151F051E26007E99DC /* UIColor+Hex.swift in Sources */ = {isa = PBXBuildFile; fileRef = CE607F031F051E26007E99DC /* UIColor+Hex.swift */; };
		CE607F161F051E26007E99DC /* UIImage+Process.swift in Sources */ = {isa = PBXBuildFile; fileRef = CE607F041F051E26007E99DC /* UIImage+Process.swift */; };
		CE607F171F051E26007E99DC /* UINavigationController+Autorotate.swift in Sources */ = {isa = PBXBuildFile; fileRef = CE607F051F051E26007E99DC /* UINavigationController+Autorotate.swift */; };
		CE607F181F051E26007E99DC /* UIScrollView+UIRefreshControl.swift in Sources */ = {isa = PBXBuildFile; fileRef = CE607F061F051E26007E99DC /* UIScrollView+UIRefreshControl.swift */; };
		CE607F191F051E26007E99DC /* UIVIew+UIImage.swift in Sources */ = {isa = PBXBuildFile; fileRef = CE607F071F051E26007E99DC /* UIVIew+UIImage.swift */; };
		CE607F1A1F051E26007E99DC /* UIWebView+JavaScript.swift in Sources */ = {isa = PBXBuildFile; fileRef = CE607F081F051E26007E99DC /* UIWebView+JavaScript.swift */; };
		CE607F1C1F051E40007E99DC /* Swift+Log.swift in Sources */ = {isa = PBXBuildFile; fileRef = CE607F1B1F051E40007E99DC /* Swift+Log.swift */; };
		CEBB48231F2873B500B6430A /* Swift+Block.swift in Sources */ = {isa = PBXBuildFile; fileRef = CEBB48221F2873B500B6430A /* Swift+Block.swift */; };
		CEBB48251F2873CE00B6430A /* Swift+Association.swift in Sources */ = {isa = PBXBuildFile; fileRef = CEBB48241F2873CE00B6430A /* Swift+Association.swift */; };
		CEBB48271F28745E00B6430A /* Swift+Synchronized.swift in Sources */ = {isa = PBXBuildFile; fileRef = CEBB48261F28745E00B6430A /* Swift+Synchronized.swift */; };
/* End PBXBuildFile section */

/* Begin PBXFileReference section */
		CE607EE91F051DB0007E99DC /* Extension.framework */ = {isa = PBXFileReference; explicitFileType = wrapper.framework; includeInIndex = 0; path = Extension.framework; sourceTree = BUILT_PRODUCTS_DIR; };
		CE607EEC1F051DB0007E99DC /* Extension.h */ = {isa = PBXFileReference; lastKnownFileType = sourcecode.c.h; path = Extension.h; sourceTree = "<group>"; };
		CE607EED1F051DB0007E99DC /* Info.plist */ = {isa = PBXFileReference; lastKnownFileType = text.plist.xml; path = Info.plist; sourceTree = "<group>"; };
		CE607EF51F051E26007E99DC /* UIImage+CoreGraphics.swift */ = {isa = PBXFileReference; fileEncoding = 4; lastKnownFileType = sourcecode.swift; path = "UIImage+CoreGraphics.swift"; sourceTree = "<group>"; };
		CE607EF71F051E26007E99DC /* NSAttributedString+Content.swift */ = {isa = PBXFileReference; fileEncoding = 4; lastKnownFileType = sourcecode.swift; path = "NSAttributedString+Content.swift"; sourceTree = "<group>"; };
		CE607EF81F051E26007E99DC /* NSCache+Sandbox.swift */ = {isa = PBXFileReference; fileEncoding = 4; lastKnownFileType = sourcecode.swift; path = "NSCache+Sandbox.swift"; sourceTree = "<group>"; };
		CE607EF91F051E26007E99DC /* NSData+Transfer.swift */ = {isa = PBXFileReference; fileEncoding = 4; lastKnownFileType = sourcecode.swift; path = "NSData+Transfer.swift"; sourceTree = "<group>"; };
		CE607EFA1F051E26007E99DC /* NSDictionary+Transfer.swift */ = {isa = PBXFileReference; fileEncoding = 4; lastKnownFileType = sourcecode.swift; path = "NSDictionary+Transfer.swift"; sourceTree = "<group>"; };
		CE607EFB1F051E26007E99DC /* NSObject+HookBlock.swift */ = {isa = PBXFileReference; fileEncoding = 4; lastKnownFileType = sourcecode.swift; path = "NSObject+HookBlock.swift"; sourceTree = "<group>"; };
		CE607EFC1F051E26007E99DC /* NSObject+Transfer.swift */ = {isa = PBXFileReference; fileEncoding = 4; lastKnownFileType = sourcecode.swift; path = "NSObject+Transfer.swift"; sourceTree = "<group>"; };
		CE607EFD1F051E26007E99DC /* NSString+Regex.swift */ = {isa = PBXFileReference; fileEncoding = 4; lastKnownFileType = sourcecode.swift; path = "NSString+Regex.swift"; sourceTree = "<group>"; };
		CE607EFE1F051E26007E99DC /* NSString+Size.swift */ = {isa = PBXFileReference; fileEncoding = 4; lastKnownFileType = sourcecode.swift; path = "NSString+Size.swift"; sourceTree = "<group>"; };
		CE607EFF1F051E26007E99DC /* NSString+Transfer.swift */ = {isa = PBXFileReference; fileEncoding = 4; lastKnownFileType = sourcecode.swift; path = "NSString+Transfer.swift"; sourceTree = "<group>"; };
		CE607F001F051E26007E99DC /* NSString+TypeCheck.swift */ = {isa = PBXFileReference; fileEncoding = 4; lastKnownFileType = sourcecode.swift; path = "NSString+TypeCheck.swift"; sourceTree = "<group>"; };
		CE607F021F051E26007E99DC /* UIApplication+EventTrack.swift */ = {isa = PBXFileReference; fileEncoding = 4; lastKnownFileType = sourcecode.swift; path = "UIApplication+EventTrack.swift"; sourceTree = "<group>"; };
		CE607F031F051E26007E99DC /* UIColor+Hex.swift */ = {isa = PBXFileReference; fileEncoding = 4; lastKnownFileType = sourcecode.swift; path = "UIColor+Hex.swift"; sourceTree = "<group>"; };
		CE607F041F051E26007E99DC /* UIImage+Process.swift */ = {isa = PBXFileReference; fileEncoding = 4; lastKnownFileType = sourcecode.swift; path = "UIImage+Process.swift"; sourceTree = "<group>"; };
		CE607F051F051E26007E99DC /* UINavigationController+Autorotate.swift */ = {isa = PBXFileReference; fileEncoding = 4; lastKnownFileType = sourcecode.swift; path = "UINavigationController+Autorotate.swift"; sourceTree = "<group>"; };
		CE607F061F051E26007E99DC /* UIScrollView+UIRefreshControl.swift */ = {isa = PBXFileReference; fileEncoding = 4; lastKnownFileType = sourcecode.swift; path = "UIScrollView+UIRefreshControl.swift"; sourceTree = "<group>"; };
		CE607F071F051E26007E99DC /* UIVIew+UIImage.swift */ = {isa = PBXFileReference; fileEncoding = 4; lastKnownFileType = sourcecode.swift; path = "UIVIew+UIImage.swift"; sourceTree = "<group>"; };
		CE607F081F051E26007E99DC /* UIWebView+JavaScript.swift */ = {isa = PBXFileReference; fileEncoding = 4; lastKnownFileType = sourcecode.swift; path = "UIWebView+JavaScript.swift"; sourceTree = "<group>"; };
		CE607F1B1F051E40007E99DC /* Swift+Log.swift */ = {isa = PBXFileReference; fileEncoding = 4; lastKnownFileType = sourcecode.swift; path = "Swift+Log.swift"; sourceTree = "<group>"; };
		CEBB48221F2873B500B6430A /* Swift+Block.swift */ = {isa = PBXFileReference; fileEncoding = 4; lastKnownFileType = sourcecode.swift; path = "Swift+Block.swift"; sourceTree = "<group>"; };
		CEBB48241F2873CE00B6430A /* Swift+Association.swift */ = {isa = PBXFileReference; fileEncoding = 4; lastKnownFileType = sourcecode.swift; path = "Swift+Association.swift"; sourceTree = "<group>"; };
		CEBB48261F28745E00B6430A /* Swift+Synchronized.swift */ = {isa = PBXFileReference; fileEncoding = 4; lastKnownFileType = sourcecode.swift; path = "Swift+Synchronized.swift"; sourceTree = "<group>"; };
/* End PBXFileReference section */

/* Begin PBXFrameworksBuildPhase section */
		CE607EE51F051DB0007E99DC /* Frameworks */ = {
			isa = PBXFrameworksBuildPhase;
			buildActionMask = 2147483647;
			files = (
			);
			runOnlyForDeploymentPostprocessing = 0;
		};
/* End PBXFrameworksBuildPhase section */

/* Begin PBXGroup section */
		CE607EDF1F051DB0007E99DC = {
			isa = PBXGroup;
			children = (
				CE607EEB1F051DB0007E99DC /* Extension */,
				CE607EEA1F051DB0007E99DC /* Products */,
			);
			sourceTree = "<group>";
		};
		CE607EEA1F051DB0007E99DC /* Products */ = {
			isa = PBXGroup;
			children = (
				CE607EE91F051DB0007E99DC /* Extension.framework */,
			);
			name = Products;
			sourceTree = "<group>";
		};
		CE607EEB1F051DB0007E99DC /* Extension */ = {
			isa = PBXGroup;
			children = (
				CE607F1B1F051E40007E99DC /* Swift+Log.swift */,
				CEBB48261F28745E00B6430A /* Swift+Synchronized.swift */,
				CEBB48221F2873B500B6430A /* Swift+Block.swift */,
				CEBB48241F2873CE00B6430A /* Swift+Association.swift */,
				CE607EF41F051E26007E99DC /* CoreGraphics */,
				CE607EF61F051E26007E99DC /* Foundation */,
				CE607F011F051E26007E99DC /* UIKit */,
				CE607EEC1F051DB0007E99DC /* Extension.h */,
				CE607EED1F051DB0007E99DC /* Info.plist */,
			);
			path = Extension;
			sourceTree = "<group>";
		};
		CE607EF41F051E26007E99DC /* CoreGraphics */ = {
			isa = PBXGroup;
			children = (
				CE607EF51F051E26007E99DC /* UIImage+CoreGraphics.swift */,
			);
			path = CoreGraphics;
			sourceTree = "<group>";
		};
		CE607EF61F051E26007E99DC /* Foundation */ = {
			isa = PBXGroup;
			children = (
				CE607EF71F051E26007E99DC /* NSAttributedString+Content.swift */,
				CE607EF81F051E26007E99DC /* NSCache+Sandbox.swift */,
				CE607EF91F051E26007E99DC /* NSData+Transfer.swift */,
				CE607EFA1F051E26007E99DC /* NSDictionary+Transfer.swift */,
				CE607EFB1F051E26007E99DC /* NSObject+HookBlock.swift */,
				CE607EFC1F051E26007E99DC /* NSObject+Transfer.swift */,
				CE607EFD1F051E26007E99DC /* NSString+Regex.swift */,
				CE607EFE1F051E26007E99DC /* NSString+Size.swift */,
				CE607EFF1F051E26007E99DC /* NSString+Transfer.swift */,
				CE607F001F051E26007E99DC /* NSString+TypeCheck.swift */,
			);
			path = Foundation;
			sourceTree = "<group>";
		};
		CE607F011F051E26007E99DC /* UIKit */ = {
			isa = PBXGroup;
			children = (
				CE607F021F051E26007E99DC /* UIApplication+EventTrack.swift */,
				CE607F031F051E26007E99DC /* UIColor+Hex.swift */,
				CE607F041F051E26007E99DC /* UIImage+Process.swift */,
				CE607F051F051E26007E99DC /* UINavigationController+Autorotate.swift */,
				CE607F061F051E26007E99DC /* UIScrollView+UIRefreshControl.swift */,
				CE607F071F051E26007E99DC /* UIVIew+UIImage.swift */,
				CE607F081F051E26007E99DC /* UIWebView+JavaScript.swift */,
			);
			path = UIKit;
			sourceTree = "<group>";
		};
/* End PBXGroup section */

/* Begin PBXHeadersBuildPhase section */
		CE607EE61F051DB0007E99DC /* Headers */ = {
			isa = PBXHeadersBuildPhase;
			buildActionMask = 2147483647;
			files = (
				CE607EEE1F051DB0007E99DC /* Extension.h in Headers */,
			);
			runOnlyForDeploymentPostprocessing = 0;
		};
/* End PBXHeadersBuildPhase section */

/* Begin PBXNativeTarget section */
		CE607EE81F051DB0007E99DC /* Extension */ = {
			isa = PBXNativeTarget;
			buildConfigurationList = CE607EF11F051DB0007E99DC /* Build configuration list for PBXNativeTarget "Extension" */;
			buildPhases = (
				CE607EE41F051DB0007E99DC /* Sources */,
				CE607EE51F051DB0007E99DC /* Frameworks */,
				CE607EE61F051DB0007E99DC /* Headers */,
				CE607EE71F051DB0007E99DC /* Resources */,
			);
			buildRules = (
			);
			dependencies = (
			);
			name = Extension;
			productName = Extension;
			productReference = CE607EE91F051DB0007E99DC /* Extension.framework */;
			productType = "com.apple.product-type.framework";
		};
/* End PBXNativeTarget section */

/* Begin PBXProject section */
		CE607EE01F051DB0007E99DC /* Project object */ = {
			isa = PBXProject;
			attributes = {
				LastUpgradeCheck = 0830;
				ORGANIZATIONNAME = DingSoung;
				TargetAttributes = {
					CE607EE81F051DB0007E99DC = {
						CreatedOnToolsVersion = 8.3.2;
						DevelopmentTeam = C6989DMQ59;
						ProvisioningStyle = Automatic;
					};
				};
			};
			buildConfigurationList = CE607EE31F051DB0007E99DC /* Build configuration list for PBXProject "Extension" */;
			compatibilityVersion = "Xcode 3.2";
			developmentRegion = English;
			hasScannedForEncodings = 0;
			knownRegions = (
				en,
			);
			mainGroup = CE607EDF1F051DB0007E99DC;
			productRefGroup = CE607EEA1F051DB0007E99DC /* Products */;
			projectDirPath = "";
			projectRoot = "";
			targets = (
				CE607EE81F051DB0007E99DC /* Extension */,
			);
		};
/* End PBXProject section */

/* Begin PBXResourcesBuildPhase section */
		CE607EE71F051DB0007E99DC /* Resources */ = {
			isa = PBXResourcesBuildPhase;
			buildActionMask = 2147483647;
			files = (
			);
			runOnlyForDeploymentPostprocessing = 0;
		};
/* End PBXResourcesBuildPhase section */

/* Begin PBXSourcesBuildPhase section */
		CE607EE41F051DB0007E99DC /* Sources */ = {
			isa = PBXSourcesBuildPhase;
			buildActionMask = 2147483647;
			files = (
				CE607F0E1F051E26007E99DC /* NSObject+HookBlock.swift in Sources */,
				CE607F0A1F051E26007E99DC /* NSAttributedString+Content.swift in Sources */,
				CE607F0D1F051E26007E99DC /* NSDictionary+Transfer.swift in Sources */,
				CEBB48231F2873B500B6430A /* Swift+Block.swift in Sources */,
				CE607F131F051E26007E99DC /* NSString+TypeCheck.swift in Sources */,
				CE607F171F051E26007E99DC /* UINavigationController+Autorotate.swift in Sources */,
				CE607F0F1F051E26007E99DC /* NSObject+Transfer.swift in Sources */,
				CE607F111F051E26007E99DC /* NSString+Size.swift in Sources */,
				CE607F181F051E26007E99DC /* UIScrollView+UIRefreshControl.swift in Sources */,
				CEBB48271F28745E00B6430A /* Swift+Synchronized.swift in Sources */,
				CE607F191F051E26007E99DC /* UIVIew+UIImage.swift in Sources */,
				CE607F0B1F051E26007E99DC /* NSCache+Sandbox.swift in Sources */,
				CE607F121F051E26007E99DC /* NSString+Transfer.swift in Sources */,
				CE607F101F051E26007E99DC /* NSString+Regex.swift in Sources */,
				CE607F1C1F051E40007E99DC /* Swift+Log.swift in Sources */,
				CE607F1A1F051E26007E99DC /* UIWebView+JavaScript.swift in Sources */,
				CE607F151F051E26007E99DC /* UIColor+Hex.swift in Sources */,
				CE607F141F051E26007E99DC /* UIApplication+EventTrack.swift in Sources */,
				CEBB48251F2873CE00B6430A /* Swift+Association.swift in Sources */,
				CE607F091F051E26007E99DC /* UIImage+CoreGraphics.swift in Sources */,
				CE607F0C1F051E26007E99DC /* NSData+Transfer.swift in Sources */,
				CE607F161F051E26007E99DC /* UIImage+Process.swift in Sources */,
			);
			runOnlyForDeploymentPostprocessing = 0;
		};
/* End PBXSourcesBuildPhase section */

/* Begin XCBuildConfiguration section */
		CE607EEF1F051DB0007E99DC /* Debug */ = {
			isa = XCBuildConfiguration;
			buildSettings = {
				ALWAYS_SEARCH_USER_PATHS = NO;
				CLANG_ANALYZER_NONNULL = YES;
				CLANG_ANALYZER_NUMBER_OBJECT_CONVERSION = YES_AGGRESSIVE;
				CLANG_CXX_LANGUAGE_STANDARD = "gnu++0x";
				CLANG_CXX_LIBRARY = "libc++";
				CLANG_ENABLE_MODULES = YES;
				CLANG_ENABLE_OBJC_ARC = YES;
				CLANG_WARN_BOOL_CONVERSION = YES;
				CLANG_WARN_CONSTANT_CONVERSION = YES;
				CLANG_WARN_DIRECT_OBJC_ISA_USAGE = YES_ERROR;
				CLANG_WARN_DOCUMENTATION_COMMENTS = YES;
				CLANG_WARN_EMPTY_BODY = YES;
				CLANG_WARN_ENUM_CONVERSION = YES;
				CLANG_WARN_INFINITE_RECURSION = YES;
				CLANG_WARN_INT_CONVERSION = YES;
				CLANG_WARN_OBJC_ROOT_CLASS = YES_ERROR;
				CLANG_WARN_SUSPICIOUS_MOVE = YES;
				CLANG_WARN_UNREACHABLE_CODE = YES;
				CLANG_WARN__DUPLICATE_METHOD_MATCH = YES;
				"CODE_SIGN_IDENTITY[sdk=iphoneos*]" = "iPhone Developer";
				COPY_PHASE_STRIP = NO;
				CURRENT_PROJECT_VERSION = 1;
				DEBUG_INFORMATION_FORMAT = dwarf;
				ENABLE_STRICT_OBJC_MSGSEND = YES;
				ENABLE_TESTABILITY = YES;
				GCC_C_LANGUAGE_STANDARD = gnu99;
				GCC_DYNAMIC_NO_PIC = NO;
				GCC_NO_COMMON_BLOCKS = YES;
				GCC_OPTIMIZATION_LEVEL = 0;
				GCC_PREPROCESSOR_DEFINITIONS = (
					"DEBUG=1",
					"$(inherited)",
				);
				GCC_WARN_64_TO_32_BIT_CONVERSION = YES;
				GCC_WARN_ABOUT_RETURN_TYPE = YES_ERROR;
				GCC_WARN_UNDECLARED_SELECTOR = YES;
				GCC_WARN_UNINITIALIZED_AUTOS = YES_AGGRESSIVE;
				GCC_WARN_UNUSED_FUNCTION = YES;
				GCC_WARN_UNUSED_VARIABLE = YES;
				IPHONEOS_DEPLOYMENT_TARGET = 8.0;
				MTL_ENABLE_DEBUG_INFO = YES;
				ONLY_ACTIVE_ARCH = YES;
				SDKROOT = iphoneos;
				SWIFT_ACTIVE_COMPILATION_CONDITIONS = DEBUG;
				SWIFT_OPTIMIZATION_LEVEL = "-Onone";
				TARGETED_DEVICE_FAMILY = "1,2";
				VERSIONING_SYSTEM = "apple-generic";
				VERSION_INFO_PREFIX = "";
			};
			name = Debug;
		};
		CE607EF01F051DB0007E99DC /* Release */ = {
			isa = XCBuildConfiguration;
			buildSettings = {
				ALWAYS_SEARCH_USER_PATHS = NO;
				CLANG_ANALYZER_NONNULL = YES;
				CLANG_ANALYZER_NUMBER_OBJECT_CONVERSION = YES_AGGRESSIVE;
				CLANG_CXX_LANGUAGE_STANDARD = "gnu++0x";
				CLANG_CXX_LIBRARY = "libc++";
				CLANG_ENABLE_MODULES = YES;
				CLANG_ENABLE_OBJC_ARC = YES;
				CLANG_WARN_BOOL_CONVERSION = YES;
				CLANG_WARN_CONSTANT_CONVERSION = YES;
				CLANG_WARN_DIRECT_OBJC_ISA_USAGE = YES_ERROR;
				CLANG_WARN_DOCUMENTATION_COMMENTS = YES;
				CLANG_WARN_EMPTY_BODY = YES;
				CLANG_WARN_ENUM_CONVERSION = YES;
				CLANG_WARN_INFINITE_RECURSION = YES;
				CLANG_WARN_INT_CONVERSION = YES;
				CLANG_WARN_OBJC_ROOT_CLASS = YES_ERROR;
				CLANG_WARN_SUSPICIOUS_MOVE = YES;
				CLANG_WARN_UNREACHABLE_CODE = YES;
				CLANG_WARN__DUPLICATE_METHOD_MATCH = YES;
				"CODE_SIGN_IDENTITY[sdk=iphoneos*]" = "iPhone Developer";
				COPY_PHASE_STRIP = NO;
				CURRENT_PROJECT_VERSION = 1;
				DEBUG_INFORMATION_FORMAT = "dwarf-with-dsym";
				ENABLE_NS_ASSERTIONS = NO;
				ENABLE_STRICT_OBJC_MSGSEND = YES;
				GCC_C_LANGUAGE_STANDARD = gnu99;
				GCC_NO_COMMON_BLOCKS = YES;
				GCC_WARN_64_TO_32_BIT_CONVERSION = YES;
				GCC_WARN_ABOUT_RETURN_TYPE = YES_ERROR;
				GCC_WARN_UNDECLARED_SELECTOR = YES;
				GCC_WARN_UNINITIALIZED_AUTOS = YES_AGGRESSIVE;
				GCC_WARN_UNUSED_FUNCTION = YES;
				GCC_WARN_UNUSED_VARIABLE = YES;
				IPHONEOS_DEPLOYMENT_TARGET = 8.0;
				MTL_ENABLE_DEBUG_INFO = NO;
				SDKROOT = iphoneos;
				SWIFT_OPTIMIZATION_LEVEL = "-Owholemodule";
				TARGETED_DEVICE_FAMILY = "1,2";
				VALIDATE_PRODUCT = YES;
				VERSIONING_SYSTEM = "apple-generic";
				VERSION_INFO_PREFIX = "";
			};
			name = Release;
		};
		CE607EF21F051DB0007E99DC /* Debug */ = {
			isa = XCBuildConfiguration;
			buildSettings = {
				CODE_SIGN_IDENTITY = "";
				DEFINES_MODULE = YES;
				DEVELOPMENT_TEAM = C6989DMQ59;
				DYLIB_COMPATIBILITY_VERSION = 1;
				DYLIB_CURRENT_VERSION = 1;
				DYLIB_INSTALL_NAME_BASE = "@rpath";
				INFOPLIST_FILE = Extension/Info.plist;
				INSTALL_PATH = "$(LOCAL_LIBRARY_DIR)/Frameworks";
				LD_RUNPATH_SEARCH_PATHS = "$(inherited) @executable_path/Frameworks @loader_path/Frameworks";
				PRODUCT_BUNDLE_IDENTIFIER = DingSoung.Extension;
				PRODUCT_NAME = "$(TARGET_NAME)";
				SKIP_INSTALL = YES;
				SWIFT_VERSION = 3.0;
			};
			name = Debug;
		};
		CE607EF31F051DB0007E99DC /* Release */ = {
			isa = XCBuildConfiguration;
			buildSettings = {
				CODE_SIGN_IDENTITY = "";
				DEFINES_MODULE = YES;
				DEVELOPMENT_TEAM = C6989DMQ59;
				DYLIB_COMPATIBILITY_VERSION = 1;
				DYLIB_CURRENT_VERSION = 1;
				DYLIB_INSTALL_NAME_BASE = "@rpath";
				INFOPLIST_FILE = Extension/Info.plist;
				INSTALL_PATH = "$(LOCAL_LIBRARY_DIR)/Frameworks";
				LD_RUNPATH_SEARCH_PATHS = "$(inherited) @executable_path/Frameworks @loader_path/Frameworks";
				PRODUCT_BUNDLE_IDENTIFIER = DingSoung.Extension;
				PRODUCT_NAME = "$(TARGET_NAME)";
				SKIP_INSTALL = YES;
				SWIFT_VERSION = 3.0;
			};
			name = Release;
		};
/* End XCBuildConfiguration section */

/* Begin XCConfigurationList section */
		CE607EE31F051DB0007E99DC /* Build configuration list for PBXProject "Extension" */ = {
			isa = XCConfigurationList;
			buildConfigurations = (
				CE607EEF1F051DB0007E99DC /* Debug */,
				CE607EF01F051DB0007E99DC /* Release */,
			);
			defaultConfigurationIsVisible = 0;
			defaultConfigurationName = Release;
		};
		CE607EF11F051DB0007E99DC /* Build configuration list for PBXNativeTarget "Extension" */ = {
			isa = XCConfigurationList;
			buildConfigurations = (
				CE607EF21F051DB0007E99DC /* Debug */,
				CE607EF31F051DB0007E99DC /* Release */,
			);
			defaultConfigurationIsVisible = 0;
			defaultConfigurationName = Release;
		};
/* End XCConfigurationList section */
	};
	rootObject = CE607EE01F051DB0007E99DC /* Project object */;
}
