// !$*UTF8*$!
{
	archiveVersion = 1;
	classes = {
	};
	objectVersion = 46;
	objects = {

/* Begin PBXBuildFile section */
		CEF7A8391DC73430000B9B6B /* AppDelegate.swift in Sources */ = {isa = PBXBuildFile; fileRef = CEF7A8381DC73430000B9B6B /* AppDelegate.swift */; };
		CEF7A83B1DC73430000B9B6B /* ViewController.swift in Sources */ = {isa = PBXBuildFile; fileRef = CEF7A83A1DC73430000B9B6B /* ViewController.swift */; };
		CEF7A83E1DC73430000B9B6B /* Main.storyboard in Resources */ = {isa = PBXBuildFile; fileRef = CEF7A83C1DC73430000B9B6B /* Main.storyboard */; };
		CEF7A8401DC73430000B9B6B /* Assets.xcassets in Resources */ = {isa = PBXBuildFile; fileRef = CEF7A83F1DC73430000B9B6B /* Assets.xcassets */; };
		CEF7A8431DC73430000B9B6B /* LaunchScreen.storyboard in Resources */ = {isa = PBXBuildFile; fileRef = CEF7A8411DC73430000B9B6B /* LaunchScreen.storyboard */; };
		CEF7A84E1DC73430000B9B6B /* DEMO_SwiftTests.swift in Sources */ = {isa = PBXBuildFile; fileRef = CEF7A84D1DC73430000B9B6B /* DEMO_SwiftTests.swift */; };
		CEF7A8591DC73430000B9B6B /* DEMO_SwiftUITests.swift in Sources */ = {isa = PBXBuildFile; fileRef = CEF7A8581DC73430000B9B6B /* DEMO_SwiftUITests.swift */; };
		CEF7A87D1DC73441000B9B6B /* UIImage+CoreGraphics.swift in Sources */ = {isa = PBXBuildFile; fileRef = CEF7A8681DC73441000B9B6B /* UIImage+CoreGraphics.swift */; };
		CEF7A87E1DC73441000B9B6B /* NSAttributedString+Content.swift in Sources */ = {isa = PBXBuildFile; fileRef = CEF7A86A1DC73441000B9B6B /* NSAttributedString+Content.swift */; };
		CEF7A87F1DC73441000B9B6B /* NSCache+Sandbox.swift in Sources */ = {isa = PBXBuildFile; fileRef = CEF7A86B1DC73441000B9B6B /* NSCache+Sandbox.swift */; };
		CEF7A8801DC73441000B9B6B /* NSData+Transfer.swift in Sources */ = {isa = PBXBuildFile; fileRef = CEF7A86C1DC73441000B9B6B /* NSData+Transfer.swift */; };
		CEF7A8811DC73441000B9B6B /* NSDictionary+Transfer.swift in Sources */ = {isa = PBXBuildFile; fileRef = CEF7A86D1DC73441000B9B6B /* NSDictionary+Transfer.swift */; };
		CEF7A8821DC73441000B9B6B /* NSObject+Transfer.swift in Sources */ = {isa = PBXBuildFile; fileRef = CEF7A86E1DC73441000B9B6B /* NSObject+Transfer.swift */; };
		CEF7A8831DC73441000B9B6B /* NSString+Content.swift in Sources */ = {isa = PBXBuildFile; fileRef = CEF7A86F1DC73441000B9B6B /* NSString+Content.swift */; };
		CEF7A8841DC73441000B9B6B /* NSString+Regex.swift in Sources */ = {isa = PBXBuildFile; fileRef = CEF7A8701DC73441000B9B6B /* NSString+Regex.swift */; };
		CEF7A8851DC73441000B9B6B /* NSString+Transfer.swift in Sources */ = {isa = PBXBuildFile; fileRef = CEF7A8711DC73441000B9B6B /* NSString+Transfer.swift */; };
		CEF7A8861DC73441000B9B6B /* NSString+TypeCheck.swift in Sources */ = {isa = PBXBuildFile; fileRef = CEF7A8721DC73441000B9B6B /* NSString+TypeCheck.swift */; };
		CEF7A8871DC73441000B9B6B /* Swift+ObjcFeature.swift in Sources */ = {isa = PBXBuildFile; fileRef = CEF7A8731DC73441000B9B6B /* Swift+ObjcFeature.swift */; };
		CEF7A8891DC73441000B9B6B /* UIColor+Hex.swift in Sources */ = {isa = PBXBuildFile; fileRef = CEF7A8761DC73441000B9B6B /* UIColor+Hex.swift */; };
		CEF7A88A1DC73441000B9B6B /* UIImage+Process.swift in Sources */ = {isa = PBXBuildFile; fileRef = CEF7A8771DC73441000B9B6B /* UIImage+Process.swift */; };
		CEF7A88B1DC73441000B9B6B /* UINavigationController+Autorotate.swift in Sources */ = {isa = PBXBuildFile; fileRef = CEF7A8781DC73441000B9B6B /* UINavigationController+Autorotate.swift */; };
		CEF7A88C1DC73441000B9B6B /* UIResponder+Track.swift in Sources */ = {isa = PBXBuildFile; fileRef = CEF7A8791DC73441000B9B6B /* UIResponder+Track.swift */; };
		CEF7A88D1DC73441000B9B6B /* UIScrollView+UIRefreshControl.swift in Sources */ = {isa = PBXBuildFile; fileRef = CEF7A87A1DC73441000B9B6B /* UIScrollView+UIRefreshControl.swift */; };
		CEF7A88E1DC73441000B9B6B /* UIVIew+UIImage.swift in Sources */ = {isa = PBXBuildFile; fileRef = CEF7A87B1DC73441000B9B6B /* UIVIew+UIImage.swift */; };
		CEF7A88F1DC73441000B9B6B /* UIWebView+JavaScript.swift in Sources */ = {isa = PBXBuildFile; fileRef = CEF7A87C1DC73441000B9B6B /* UIWebView+JavaScript.swift */; };
		CEF7A8961DC768F3000B9B6B /* UIApplication+EventTrack.m in Sources */ = {isa = PBXBuildFile; fileRef = CEF7A8941DC768F3000B9B6B /* UIApplication+EventTrack.m */; };
		CEF7A8971DC768F3000B9B6B /* UIApplication+EventTrack.swift in Sources */ = {isa = PBXBuildFile; fileRef = CEF7A8951DC768F3000B9B6B /* UIApplication+EventTrack.swift */; };
/* End PBXBuildFile section */

/* Begin PBXContainerItemProxy section */
		CEF7A84A1DC73430000B9B6B /* PBXContainerItemProxy */ = {
			isa = PBXContainerItemProxy;
			containerPortal = CEF7A82D1DC73430000B9B6B /* Project object */;
			proxyType = 1;
			remoteGlobalIDString = CEF7A8341DC73430000B9B6B;
			remoteInfo = "DEMO-Swift";
		};
		CEF7A8551DC73430000B9B6B /* PBXContainerItemProxy */ = {
			isa = PBXContainerItemProxy;
			containerPortal = CEF7A82D1DC73430000B9B6B /* Project object */;
			proxyType = 1;
			remoteGlobalIDString = CEF7A8341DC73430000B9B6B;
			remoteInfo = "DEMO-Swift";
		};
/* End PBXContainerItemProxy section */

/* Begin PBXFileReference section */
		CEF7A8351DC73430000B9B6B /* DEMO-Swift.app */ = {isa = PBXFileReference; explicitFileType = wrapper.application; includeInIndex = 0; path = "DEMO-Swift.app"; sourceTree = BUILT_PRODUCTS_DIR; };
		CEF7A8381DC73430000B9B6B /* AppDelegate.swift */ = {isa = PBXFileReference; lastKnownFileType = sourcecode.swift; path = AppDelegate.swift; sourceTree = "<group>"; };
		CEF7A83A1DC73430000B9B6B /* ViewController.swift */ = {isa = PBXFileReference; lastKnownFileType = sourcecode.swift; path = ViewController.swift; sourceTree = "<group>"; };
		CEF7A83D1DC73430000B9B6B /* Base */ = {isa = PBXFileReference; lastKnownFileType = file.storyboard; name = Base; path = Base.lproj/Main.storyboard; sourceTree = "<group>"; };
		CEF7A83F1DC73430000B9B6B /* Assets.xcassets */ = {isa = PBXFileReference; lastKnownFileType = folder.assetcatalog; path = Assets.xcassets; sourceTree = "<group>"; };
		CEF7A8421DC73430000B9B6B /* Base */ = {isa = PBXFileReference; lastKnownFileType = file.storyboard; name = Base; path = Base.lproj/LaunchScreen.storyboard; sourceTree = "<group>"; };
		CEF7A8441DC73430000B9B6B /* Info.plist */ = {isa = PBXFileReference; lastKnownFileType = text.plist.xml; path = Info.plist; sourceTree = "<group>"; };
		CEF7A8491DC73430000B9B6B /* DEMO-SwiftTests.xctest */ = {isa = PBXFileReference; explicitFileType = wrapper.cfbundle; includeInIndex = 0; path = "DEMO-SwiftTests.xctest"; sourceTree = BUILT_PRODUCTS_DIR; };
		CEF7A84D1DC73430000B9B6B /* DEMO_SwiftTests.swift */ = {isa = PBXFileReference; lastKnownFileType = sourcecode.swift; path = DEMO_SwiftTests.swift; sourceTree = "<group>"; };
		CEF7A84F1DC73430000B9B6B /* Info.plist */ = {isa = PBXFileReference; lastKnownFileType = text.plist.xml; path = Info.plist; sourceTree = "<group>"; };
		CEF7A8541DC73430000B9B6B /* DEMO-SwiftUITests.xctest */ = {isa = PBXFileReference; explicitFileType = wrapper.cfbundle; includeInIndex = 0; path = "DEMO-SwiftUITests.xctest"; sourceTree = BUILT_PRODUCTS_DIR; };
		CEF7A8581DC73430000B9B6B /* DEMO_SwiftUITests.swift */ = {isa = PBXFileReference; lastKnownFileType = sourcecode.swift; path = DEMO_SwiftUITests.swift; sourceTree = "<group>"; };
		CEF7A85A1DC73430000B9B6B /* Info.plist */ = {isa = PBXFileReference; lastKnownFileType = text.plist.xml; path = Info.plist; sourceTree = "<group>"; };
		CEF7A8681DC73441000B9B6B /* UIImage+CoreGraphics.swift */ = {isa = PBXFileReference; fileEncoding = 4; lastKnownFileType = sourcecode.swift; path = "UIImage+CoreGraphics.swift"; sourceTree = "<group>"; };
		CEF7A86A1DC73441000B9B6B /* NSAttributedString+Content.swift */ = {isa = PBXFileReference; fileEncoding = 4; lastKnownFileType = sourcecode.swift; path = "NSAttributedString+Content.swift"; sourceTree = "<group>"; };
		CEF7A86B1DC73441000B9B6B /* NSCache+Sandbox.swift */ = {isa = PBXFileReference; fileEncoding = 4; lastKnownFileType = sourcecode.swift; path = "NSCache+Sandbox.swift"; sourceTree = "<group>"; };
		CEF7A86C1DC73441000B9B6B /* NSData+Transfer.swift */ = {isa = PBXFileReference; fileEncoding = 4; lastKnownFileType = sourcecode.swift; path = "NSData+Transfer.swift"; sourceTree = "<group>"; };
		CEF7A86D1DC73441000B9B6B /* NSDictionary+Transfer.swift */ = {isa = PBXFileReference; fileEncoding = 4; lastKnownFileType = sourcecode.swift; path = "NSDictionary+Transfer.swift"; sourceTree = "<group>"; };
		CEF7A86E1DC73441000B9B6B /* NSObject+Transfer.swift */ = {isa = PBXFileReference; fileEncoding = 4; lastKnownFileType = sourcecode.swift; path = "NSObject+Transfer.swift"; sourceTree = "<group>"; };
		CEF7A86F1DC73441000B9B6B /* NSString+Content.swift */ = {isa = PBXFileReference; fileEncoding = 4; lastKnownFileType = sourcecode.swift; path = "NSString+Content.swift"; sourceTree = "<group>"; };
		CEF7A8701DC73441000B9B6B /* NSString+Regex.swift */ = {isa = PBXFileReference; fileEncoding = 4; lastKnownFileType = sourcecode.swift; path = "NSString+Regex.swift"; sourceTree = "<group>"; };
		CEF7A8711DC73441000B9B6B /* NSString+Transfer.swift */ = {isa = PBXFileReference; fileEncoding = 4; lastKnownFileType = sourcecode.swift; path = "NSString+Transfer.swift"; sourceTree = "<group>"; };
		CEF7A8721DC73441000B9B6B /* NSString+TypeCheck.swift */ = {isa = PBXFileReference; fileEncoding = 4; lastKnownFileType = sourcecode.swift; path = "NSString+TypeCheck.swift"; sourceTree = "<group>"; };
		CEF7A8731DC73441000B9B6B /* Swift+ObjcFeature.swift */ = {isa = PBXFileReference; fileEncoding = 4; lastKnownFileType = sourcecode.swift; path = "Swift+ObjcFeature.swift"; sourceTree = "<group>"; };
		CEF7A8761DC73441000B9B6B /* UIColor+Hex.swift */ = {isa = PBXFileReference; fileEncoding = 4; lastKnownFileType = sourcecode.swift; path = "UIColor+Hex.swift"; sourceTree = "<group>"; };
		CEF7A8771DC73441000B9B6B /* UIImage+Process.swift */ = {isa = PBXFileReference; fileEncoding = 4; lastKnownFileType = sourcecode.swift; path = "UIImage+Process.swift"; sourceTree = "<group>"; };
		CEF7A8781DC73441000B9B6B /* UINavigationController+Autorotate.swift */ = {isa = PBXFileReference; fileEncoding = 4; lastKnownFileType = sourcecode.swift; path = "UINavigationController+Autorotate.swift"; sourceTree = "<group>"; };
		CEF7A8791DC73441000B9B6B /* UIResponder+Track.swift */ = {isa = PBXFileReference; fileEncoding = 4; lastKnownFileType = sourcecode.swift; path = "UIResponder+Track.swift"; sourceTree = "<group>"; };
		CEF7A87A1DC73441000B9B6B /* UIScrollView+UIRefreshControl.swift */ = {isa = PBXFileReference; fileEncoding = 4; lastKnownFileType = sourcecode.swift; path = "UIScrollView+UIRefreshControl.swift"; sourceTree = "<group>"; };
		CEF7A87B1DC73441000B9B6B /* UIVIew+UIImage.swift */ = {isa = PBXFileReference; fileEncoding = 4; lastKnownFileType = sourcecode.swift; path = "UIVIew+UIImage.swift"; sourceTree = "<group>"; };
		CEF7A87C1DC73441000B9B6B /* UIWebView+JavaScript.swift */ = {isa = PBXFileReference; fileEncoding = 4; lastKnownFileType = sourcecode.swift; path = "UIWebView+JavaScript.swift"; sourceTree = "<group>"; };
		CEF7A8931DC768F3000B9B6B /* UIApplication+EventTrack.h */ = {isa = PBXFileReference; fileEncoding = 4; lastKnownFileType = sourcecode.c.h; path = "UIApplication+EventTrack.h"; sourceTree = "<group>"; };
		CEF7A8941DC768F3000B9B6B /* UIApplication+EventTrack.m */ = {isa = PBXFileReference; fileEncoding = 4; lastKnownFileType = sourcecode.c.objc; path = "UIApplication+EventTrack.m"; sourceTree = "<group>"; };
		CEF7A8951DC768F3000B9B6B /* UIApplication+EventTrack.swift */ = {isa = PBXFileReference; fileEncoding = 4; lastKnownFileType = sourcecode.swift; path = "UIApplication+EventTrack.swift"; sourceTree = "<group>"; };
/* End PBXFileReference section */

/* Begin PBXFrameworksBuildPhase section */
		CEF7A8321DC73430000B9B6B /* Frameworks */ = {
			isa = PBXFrameworksBuildPhase;
			buildActionMask = 2147483647;
			files = (
			);
			runOnlyForDeploymentPostprocessing = 0;
		};
		CEF7A8461DC73430000B9B6B /* Frameworks */ = {
			isa = PBXFrameworksBuildPhase;
			buildActionMask = 2147483647;
			files = (
			);
			runOnlyForDeploymentPostprocessing = 0;
		};
		CEF7A8511DC73430000B9B6B /* Frameworks */ = {
			isa = PBXFrameworksBuildPhase;
			buildActionMask = 2147483647;
			files = (
			);
			runOnlyForDeploymentPostprocessing = 0;
		};
/* End PBXFrameworksBuildPhase section */

/* Begin PBXGroup section */
		CEF7A82C1DC73430000B9B6B = {
			isa = PBXGroup;
			children = (
				CEF7A8661DC73441000B9B6B /* CCExtension */,
				CEF7A8371DC73430000B9B6B /* DEMO-Swift */,
				CEF7A84C1DC73430000B9B6B /* DEMO-SwiftTests */,
				CEF7A8571DC73430000B9B6B /* DEMO-SwiftUITests */,
				CEF7A8361DC73430000B9B6B /* Products */,
			);
			sourceTree = "<group>";
		};
		CEF7A8361DC73430000B9B6B /* Products */ = {
			isa = PBXGroup;
			children = (
				CEF7A8351DC73430000B9B6B /* DEMO-Swift.app */,
				CEF7A8491DC73430000B9B6B /* DEMO-SwiftTests.xctest */,
				CEF7A8541DC73430000B9B6B /* DEMO-SwiftUITests.xctest */,
			);
			name = Products;
			sourceTree = "<group>";
		};
		CEF7A8371DC73430000B9B6B /* DEMO-Swift */ = {
			isa = PBXGroup;
			children = (
				CEF7A8381DC73430000B9B6B /* AppDelegate.swift */,
				CEF7A83A1DC73430000B9B6B /* ViewController.swift */,
				CEF7A83C1DC73430000B9B6B /* Main.storyboard */,
				CEF7A83F1DC73430000B9B6B /* Assets.xcassets */,
				CEF7A8411DC73430000B9B6B /* LaunchScreen.storyboard */,
				CEF7A8441DC73430000B9B6B /* Info.plist */,
			);
			path = "DEMO-Swift";
			sourceTree = "<group>";
		};
		CEF7A84C1DC73430000B9B6B /* DEMO-SwiftTests */ = {
			isa = PBXGroup;
			children = (
				CEF7A84D1DC73430000B9B6B /* DEMO_SwiftTests.swift */,
				CEF7A84F1DC73430000B9B6B /* Info.plist */,
			);
			path = "DEMO-SwiftTests";
			sourceTree = "<group>";
		};
		CEF7A8571DC73430000B9B6B /* DEMO-SwiftUITests */ = {
			isa = PBXGroup;
			children = (
				CEF7A8581DC73430000B9B6B /* DEMO_SwiftUITests.swift */,
				CEF7A85A1DC73430000B9B6B /* Info.plist */,
			);
			path = "DEMO-SwiftUITests";
			sourceTree = "<group>";
		};
		CEF7A8661DC73441000B9B6B /* CCExtension */ = {
			isa = PBXGroup;
			children = (
				CEF7A8671DC73441000B9B6B /* CoreGraphics */,
				CEF7A8691DC73441000B9B6B /* Foundation */,
				CEF7A8731DC73441000B9B6B /* Swift+ObjcFeature.swift */,
				CEF7A8741DC73441000B9B6B /* UIKit */,
			);
			name = CCExtension;
			path = ../CCExtension;
			sourceTree = "<group>";
		};
		CEF7A8671DC73441000B9B6B /* CoreGraphics */ = {
			isa = PBXGroup;
			children = (
				CEF7A8681DC73441000B9B6B /* UIImage+CoreGraphics.swift */,
			);
			path = CoreGraphics;
			sourceTree = "<group>";
		};
		CEF7A8691DC73441000B9B6B /* Foundation */ = {
			isa = PBXGroup;
			children = (
				CEF7A86A1DC73441000B9B6B /* NSAttributedString+Content.swift */,
				CEF7A86B1DC73441000B9B6B /* NSCache+Sandbox.swift */,
				CEF7A86C1DC73441000B9B6B /* NSData+Transfer.swift */,
				CEF7A86D1DC73441000B9B6B /* NSDictionary+Transfer.swift */,
				CEF7A86E1DC73441000B9B6B /* NSObject+Transfer.swift */,
				CEF7A86F1DC73441000B9B6B /* NSString+Content.swift */,
				CEF7A8701DC73441000B9B6B /* NSString+Regex.swift */,
				CEF7A8711DC73441000B9B6B /* NSString+Transfer.swift */,
				CEF7A8721DC73441000B9B6B /* NSString+TypeCheck.swift */,
			);
			path = Foundation;
			sourceTree = "<group>";
		};
		CEF7A8741DC73441000B9B6B /* UIKit */ = {
			isa = PBXGroup;
			children = (
				CEF7A8931DC768F3000B9B6B /* UIApplication+EventTrack.h */,
				CEF7A8941DC768F3000B9B6B /* UIApplication+EventTrack.m */,
				CEF7A8951DC768F3000B9B6B /* UIApplication+EventTrack.swift */,
				CEF7A8761DC73441000B9B6B /* UIColor+Hex.swift */,
				CEF7A8771DC73441000B9B6B /* UIImage+Process.swift */,
				CEF7A8781DC73441000B9B6B /* UINavigationController+Autorotate.swift */,
				CEF7A8791DC73441000B9B6B /* UIResponder+Track.swift */,
				CEF7A87A1DC73441000B9B6B /* UIScrollView+UIRefreshControl.swift */,
				CEF7A87B1DC73441000B9B6B /* UIVIew+UIImage.swift */,
				CEF7A87C1DC73441000B9B6B /* UIWebView+JavaScript.swift */,
			);
			path = UIKit;
			sourceTree = "<group>";
		};
/* End PBXGroup section */

/* Begin PBXNativeTarget section */
		CEF7A8341DC73430000B9B6B /* DEMO-Swift */ = {
			isa = PBXNativeTarget;
			buildConfigurationList = CEF7A85D1DC73430000B9B6B /* Build configuration list for PBXNativeTarget "DEMO-Swift" */;
			buildPhases = (
				CEF7A8311DC73430000B9B6B /* Sources */,
				CEF7A8321DC73430000B9B6B /* Frameworks */,
				CEF7A8331DC73430000B9B6B /* Resources */,
			);
			buildRules = (
			);
			dependencies = (
			);
			name = "DEMO-Swift";
			productName = "DEMO-Swift";
			productReference = CEF7A8351DC73430000B9B6B /* DEMO-Swift.app */;
			productType = "com.apple.product-type.application";
		};
		CEF7A8481DC73430000B9B6B /* DEMO-SwiftTests */ = {
			isa = PBXNativeTarget;
			buildConfigurationList = CEF7A8601DC73430000B9B6B /* Build configuration list for PBXNativeTarget "DEMO-SwiftTests" */;
			buildPhases = (
				CEF7A8451DC73430000B9B6B /* Sources */,
				CEF7A8461DC73430000B9B6B /* Frameworks */,
				CEF7A8471DC73430000B9B6B /* Resources */,
			);
			buildRules = (
			);
			dependencies = (
				CEF7A84B1DC73430000B9B6B /* PBXTargetDependency */,
			);
			name = "DEMO-SwiftTests";
			productName = "DEMO-SwiftTests";
			productReference = CEF7A8491DC73430000B9B6B /* DEMO-SwiftTests.xctest */;
			productType = "com.apple.product-type.bundle.unit-test";
		};
		CEF7A8531DC73430000B9B6B /* DEMO-SwiftUITests */ = {
			isa = PBXNativeTarget;
			buildConfigurationList = CEF7A8631DC73430000B9B6B /* Build configuration list for PBXNativeTarget "DEMO-SwiftUITests" */;
			buildPhases = (
				CEF7A8501DC73430000B9B6B /* Sources */,
				CEF7A8511DC73430000B9B6B /* Frameworks */,
				CEF7A8521DC73430000B9B6B /* Resources */,
			);
			buildRules = (
			);
			dependencies = (
				CEF7A8561DC73430000B9B6B /* PBXTargetDependency */,
			);
			name = "DEMO-SwiftUITests";
			productName = "DEMO-SwiftUITests";
			productReference = CEF7A8541DC73430000B9B6B /* DEMO-SwiftUITests.xctest */;
			productType = "com.apple.product-type.bundle.ui-testing";
		};
/* End PBXNativeTarget section */

/* Begin PBXProject section */
		CEF7A82D1DC73430000B9B6B /* Project object */ = {
			isa = PBXProject;
			attributes = {
				LastSwiftUpdateCheck = 0810;
				LastUpgradeCheck = 0810;
				ORGANIZATIONNAME = DingSoung;
				TargetAttributes = {
					CEF7A8341DC73430000B9B6B = {
						CreatedOnToolsVersion = 8.1;
						DevelopmentTeam = C6989DMQ59;
						LastSwiftMigration = 0810;
						ProvisioningStyle = Automatic;
					};
					CEF7A8481DC73430000B9B6B = {
						CreatedOnToolsVersion = 8.1;
						ProvisioningStyle = Automatic;
						TestTargetID = CEF7A8341DC73430000B9B6B;
					};
					CEF7A8531DC73430000B9B6B = {
						CreatedOnToolsVersion = 8.1;
						ProvisioningStyle = Automatic;
						TestTargetID = CEF7A8341DC73430000B9B6B;
					};
				};
			};
			buildConfigurationList = CEF7A8301DC73430000B9B6B /* Build configuration list for PBXProject "DEMO-Swift" */;
			compatibilityVersion = "Xcode 3.2";
			developmentRegion = English;
			hasScannedForEncodings = 0;
			knownRegions = (
				en,
				Base,
			);
			mainGroup = CEF7A82C1DC73430000B9B6B;
			productRefGroup = CEF7A8361DC73430000B9B6B /* Products */;
			projectDirPath = "";
			projectRoot = "";
			targets = (
				CEF7A8341DC73430000B9B6B /* DEMO-Swift */,
				CEF7A8481DC73430000B9B6B /* DEMO-SwiftTests */,
				CEF7A8531DC73430000B9B6B /* DEMO-SwiftUITests */,
			);
		};
/* End PBXProject section */

/* Begin PBXResourcesBuildPhase section */
		CEF7A8331DC73430000B9B6B /* Resources */ = {
			isa = PBXResourcesBuildPhase;
			buildActionMask = 2147483647;
			files = (
				CEF7A8431DC73430000B9B6B /* LaunchScreen.storyboard in Resources */,
				CEF7A8401DC73430000B9B6B /* Assets.xcassets in Resources */,
				CEF7A83E1DC73430000B9B6B /* Main.storyboard in Resources */,
			);
			runOnlyForDeploymentPostprocessing = 0;
		};
		CEF7A8471DC73430000B9B6B /* Resources */ = {
			isa = PBXResourcesBuildPhase;
			buildActionMask = 2147483647;
			files = (
			);
			runOnlyForDeploymentPostprocessing = 0;
		};
		CEF7A8521DC73430000B9B6B /* Resources */ = {
			isa = PBXResourcesBuildPhase;
			buildActionMask = 2147483647;
			files = (
			);
			runOnlyForDeploymentPostprocessing = 0;
		};
/* End PBXResourcesBuildPhase section */

/* Begin PBXSourcesBuildPhase section */
		CEF7A8311DC73430000B9B6B /* Sources */ = {
			isa = PBXSourcesBuildPhase;
			buildActionMask = 2147483647;
			files = (
				CEF7A88B1DC73441000B9B6B /* UINavigationController+Autorotate.swift in Sources */,
				CEF7A87F1DC73441000B9B6B /* NSCache+Sandbox.swift in Sources */,
				CEF7A8811DC73441000B9B6B /* NSDictionary+Transfer.swift in Sources */,
				CEF7A88F1DC73441000B9B6B /* UIWebView+JavaScript.swift in Sources */,
				CEF7A8821DC73441000B9B6B /* NSObject+Transfer.swift in Sources */,
				CEF7A88E1DC73441000B9B6B /* UIVIew+UIImage.swift in Sources */,
				CEF7A8831DC73441000B9B6B /* NSString+Content.swift in Sources */,
				CEF7A8851DC73441000B9B6B /* NSString+Transfer.swift in Sources */,
				CEF7A83B1DC73430000B9B6B /* ViewController.swift in Sources */,
				CEF7A8971DC768F3000B9B6B /* UIApplication+EventTrack.swift in Sources */,
				CEF7A8861DC73441000B9B6B /* NSString+TypeCheck.swift in Sources */,
				CEF7A88C1DC73441000B9B6B /* UIResponder+Track.swift in Sources */,
				CEF7A8841DC73441000B9B6B /* NSString+Regex.swift in Sources */,
				CEF7A88D1DC73441000B9B6B /* UIScrollView+UIRefreshControl.swift in Sources */,
				CEF7A8391DC73430000B9B6B /* AppDelegate.swift in Sources */,
				CEF7A8891DC73441000B9B6B /* UIColor+Hex.swift in Sources */,
				CEF7A88A1DC73441000B9B6B /* UIImage+Process.swift in Sources */,
				CEF7A8801DC73441000B9B6B /* NSData+Transfer.swift in Sources */,
				CEF7A87E1DC73441000B9B6B /* NSAttributedString+Content.swift in Sources */,
				CEF7A8961DC768F3000B9B6B /* UIApplication+EventTrack.m in Sources */,
				CEF7A87D1DC73441000B9B6B /* UIImage+CoreGraphics.swift in Sources */,
				CEF7A8871DC73441000B9B6B /* Swift+ObjcFeature.swift in Sources */,
			);
			runOnlyForDeploymentPostprocessing = 0;
		};
		CEF7A8451DC73430000B9B6B /* Sources */ = {
			isa = PBXSourcesBuildPhase;
			buildActionMask = 2147483647;
			files = (
				CEF7A84E1DC73430000B9B6B /* DEMO_SwiftTests.swift in Sources */,
			);
			runOnlyForDeploymentPostprocessing = 0;
		};
		CEF7A8501DC73430000B9B6B /* Sources */ = {
			isa = PBXSourcesBuildPhase;
			buildActionMask = 2147483647;
			files = (
				CEF7A8591DC73430000B9B6B /* DEMO_SwiftUITests.swift in Sources */,
			);
			runOnlyForDeploymentPostprocessing = 0;
		};
/* End PBXSourcesBuildPhase section */

/* Begin PBXTargetDependency section */
		CEF7A84B1DC73430000B9B6B /* PBXTargetDependency */ = {
			isa = PBXTargetDependency;
			target = CEF7A8341DC73430000B9B6B /* DEMO-Swift */;
			targetProxy = CEF7A84A1DC73430000B9B6B /* PBXContainerItemProxy */;
		};
		CEF7A8561DC73430000B9B6B /* PBXTargetDependency */ = {
			isa = PBXTargetDependency;
			target = CEF7A8341DC73430000B9B6B /* DEMO-Swift */;
			targetProxy = CEF7A8551DC73430000B9B6B /* PBXContainerItemProxy */;
		};
/* End PBXTargetDependency section */

/* Begin PBXVariantGroup section */
		CEF7A83C1DC73430000B9B6B /* Main.storyboard */ = {
			isa = PBXVariantGroup;
			children = (
				CEF7A83D1DC73430000B9B6B /* Base */,
			);
			name = Main.storyboard;
			sourceTree = "<group>";
		};
		CEF7A8411DC73430000B9B6B /* LaunchScreen.storyboard */ = {
			isa = PBXVariantGroup;
			children = (
				CEF7A8421DC73430000B9B6B /* Base */,
			);
			name = LaunchScreen.storyboard;
			sourceTree = "<group>";
		};
/* End PBXVariantGroup section */

/* Begin XCBuildConfiguration section */
		CEF7A85B1DC73430000B9B6B /* Debug */ = {
			isa = XCBuildConfiguration;
			buildSettings = {
				ALWAYS_SEARCH_USER_PATHS = NO;
				CLANG_ANALYZER_NONNULL = YES;
				CLANG_CXX_LANGUAGE_STANDARD = "gnu++0x";
				CLANG_CXX_LIBRARY = "libc++";
				CLANG_ENABLE_MODULES = YES;
				CLANG_ENABLE_OBJC_ARC = YES;
				CLANG_WARN_BOOL_CONVERSION = YES;
				CLANG_WARN_CONSTANT_CONVERSION = YES;
				CLANG_WARN_DIRECT_OBJC_ISA_USAGE = YES_ERROR;
				CLANG_WARN_DOCUMENTATION_COMMENTS = YES;
				CLANG_WARN_EMPTY_BODY = YES;
				CLANG_WARN_ENUM_CONVERSION = YES;
				CLANG_WARN_INFINITE_RECURSION = YES;
				CLANG_WARN_INT_CONVERSION = YES;
				CLANG_WARN_OBJC_ROOT_CLASS = YES_ERROR;
				CLANG_WARN_SUSPICIOUS_MOVES = YES;
				CLANG_WARN_UNREACHABLE_CODE = YES;
				CLANG_WARN__DUPLICATE_METHOD_MATCH = YES;
				"CODE_SIGN_IDENTITY[sdk=iphoneos*]" = "iPhone Developer";
				COPY_PHASE_STRIP = NO;
				DEBUG_INFORMATION_FORMAT = dwarf;
				ENABLE_STRICT_OBJC_MSGSEND = YES;
				ENABLE_TESTABILITY = YES;
				GCC_C_LANGUAGE_STANDARD = gnu99;
				GCC_DYNAMIC_NO_PIC = NO;
				GCC_NO_COMMON_BLOCKS = YES;
				GCC_OPTIMIZATION_LEVEL = 0;
				GCC_PREPROCESSOR_DEFINITIONS = (
					"DEBUG=1",
					"$(inherited)",
				);
				GCC_WARN_64_TO_32_BIT_CONVERSION = YES;
				GCC_WARN_ABOUT_RETURN_TYPE = YES_ERROR;
				GCC_WARN_UNDECLARED_SELECTOR = YES;
				GCC_WARN_UNINITIALIZED_AUTOS = YES_AGGRESSIVE;
				GCC_WARN_UNUSED_FUNCTION = YES;
				GCC_WARN_UNUSED_VARIABLE = YES;
				IPHONEOS_DEPLOYMENT_TARGET = 10.1;
				MTL_ENABLE_DEBUG_INFO = YES;
				ONLY_ACTIVE_ARCH = YES;
				SDKROOT = iphoneos;
				SWIFT_ACTIVE_COMPILATION_CONDITIONS = DEBUG;
				SWIFT_OPTIMIZATION_LEVEL = "-Onone";
				TARGETED_DEVICE_FAMILY = "1,2";
			};
			name = Debug;
		};
		CEF7A85C1DC73430000B9B6B /* Release */ = {
			isa = XCBuildConfiguration;
			buildSettings = {
				ALWAYS_SEARCH_USER_PATHS = NO;
				CLANG_ANALYZER_NONNULL = YES;
				CLANG_CXX_LANGUAGE_STANDARD = "gnu++0x";
				CLANG_CXX_LIBRARY = "libc++";
				CLANG_ENABLE_MODULES = YES;
				CLANG_ENABLE_OBJC_ARC = YES;
				CLANG_WARN_BOOL_CONVERSION = YES;
				CLANG_WARN_CONSTANT_CONVERSION = YES;
				CLANG_WARN_DIRECT_OBJC_ISA_USAGE = YES_ERROR;
				CLANG_WARN_DOCUMENTATION_COMMENTS = YES;
				CLANG_WARN_EMPTY_BODY = YES;
				CLANG_WARN_ENUM_CONVERSION = YES;
				CLANG_WARN_INFINITE_RECURSION = YES;
				CLANG_WARN_INT_CONVERSION = YES;
				CLANG_WARN_OBJC_ROOT_CLASS = YES_ERROR;
				CLANG_WARN_SUSPICIOUS_MOVES = YES;
				CLANG_WARN_UNREACHABLE_CODE = YES;
				CLANG_WARN__DUPLICATE_METHOD_MATCH = YES;
				"CODE_SIGN_IDENTITY[sdk=iphoneos*]" = "iPhone Developer";
				COPY_PHASE_STRIP = NO;
				DEBUG_INFORMATION_FORMAT = "dwarf-with-dsym";
				ENABLE_NS_ASSERTIONS = NO;
				ENABLE_STRICT_OBJC_MSGSEND = YES;
				GCC_C_LANGUAGE_STANDARD = gnu99;
				GCC_NO_COMMON_BLOCKS = YES;
				GCC_WARN_64_TO_32_BIT_CONVERSION = YES;
				GCC_WARN_ABOUT_RETURN_TYPE = YES_ERROR;
				GCC_WARN_UNDECLARED_SELECTOR = YES;
				GCC_WARN_UNINITIALIZED_AUTOS = YES_AGGRESSIVE;
				GCC_WARN_UNUSED_FUNCTION = YES;
				GCC_WARN_UNUSED_VARIABLE = YES;
				IPHONEOS_DEPLOYMENT_TARGET = 10.1;
				MTL_ENABLE_DEBUG_INFO = NO;
				SDKROOT = iphoneos;
				SWIFT_OPTIMIZATION_LEVEL = "-Owholemodule";
				TARGETED_DEVICE_FAMILY = "1,2";
				VALIDATE_PRODUCT = YES;
			};
			name = Release;
		};
		CEF7A85E1DC73430000B9B6B /* Debug */ = {
			isa = XCBuildConfiguration;
			buildSettings = {
				ASSETCATALOG_COMPILER_APPICON_NAME = AppIcon;
				CLANG_ENABLE_MODULES = YES;
				DEVELOPMENT_TEAM = C6989DMQ59;
				INFOPLIST_FILE = "DEMO-Swift/Info.plist";
				LD_RUNPATH_SEARCH_PATHS = "$(inherited) @executable_path/Frameworks";
				PRODUCT_BUNDLE_IDENTIFIER = "DingSoung.DEMO-Swift";
				PRODUCT_NAME = "$(TARGET_NAME)";
				SWIFT_OPTIMIZATION_LEVEL = "-Onone";
				SWIFT_VERSION = 3.0;
			};
			name = Debug;
		};
		CEF7A85F1DC73430000B9B6B /* Release */ = {
			isa = XCBuildConfiguration;
			buildSettings = {
				ASSETCATALOG_COMPILER_APPICON_NAME = AppIcon;
				CLANG_ENABLE_MODULES = YES;
				DEVELOPMENT_TEAM = C6989DMQ59;
				INFOPLIST_FILE = "DEMO-Swift/Info.plist";
				LD_RUNPATH_SEARCH_PATHS = "$(inherited) @executable_path/Frameworks";
				PRODUCT_BUNDLE_IDENTIFIER = "DingSoung.DEMO-Swift";
				PRODUCT_NAME = "$(TARGET_NAME)";
				SWIFT_VERSION = 3.0;
			};
			name = Release;
		};
		CEF7A8611DC73430000B9B6B /* Debug */ = {
			isa = XCBuildConfiguration;
			buildSettings = {
				ALWAYS_EMBED_SWIFT_STANDARD_LIBRARIES = YES;
				BUNDLE_LOADER = "$(TEST_HOST)";
				INFOPLIST_FILE = "DEMO-SwiftTests/Info.plist";
				LD_RUNPATH_SEARCH_PATHS = "$(inherited) @executable_path/Frameworks @loader_path/Frameworks";
				PRODUCT_BUNDLE_IDENTIFIER = "DingSoung.DEMO-SwiftTests";
				PRODUCT_NAME = "$(TARGET_NAME)";
				SWIFT_VERSION = 3.0;
				TEST_HOST = "$(BUILT_PRODUCTS_DIR)/DEMO-Swift.app/DEMO-Swift";
			};
			name = Debug;
		};
		CEF7A8621DC73430000B9B6B /* Release */ = {
			isa = XCBuildConfiguration;
			buildSettings = {
				ALWAYS_EMBED_SWIFT_STANDARD_LIBRARIES = YES;
				BUNDLE_LOADER = "$(TEST_HOST)";
				INFOPLIST_FILE = "DEMO-SwiftTests/Info.plist";
				LD_RUNPATH_SEARCH_PATHS = "$(inherited) @executable_path/Frameworks @loader_path/Frameworks";
				PRODUCT_BUNDLE_IDENTIFIER = "DingSoung.DEMO-SwiftTests";
				PRODUCT_NAME = "$(TARGET_NAME)";
				SWIFT_VERSION = 3.0;
				TEST_HOST = "$(BUILT_PRODUCTS_DIR)/DEMO-Swift.app/DEMO-Swift";
			};
			name = Release;
		};
		CEF7A8641DC73430000B9B6B /* Debug */ = {
			isa = XCBuildConfiguration;
			buildSettings = {
				ALWAYS_EMBED_SWIFT_STANDARD_LIBRARIES = YES;
				INFOPLIST_FILE = "DEMO-SwiftUITests/Info.plist";
				LD_RUNPATH_SEARCH_PATHS = "$(inherited) @executable_path/Frameworks @loader_path/Frameworks";
				PRODUCT_BUNDLE_IDENTIFIER = "DingSoung.DEMO-SwiftUITests";
				PRODUCT_NAME = "$(TARGET_NAME)";
				SWIFT_VERSION = 3.0;
				TEST_TARGET_NAME = "DEMO-Swift";
			};
			name = Debug;
		};
		CEF7A8651DC73430000B9B6B /* Release */ = {
			isa = XCBuildConfiguration;
			buildSettings = {
				ALWAYS_EMBED_SWIFT_STANDARD_LIBRARIES = YES;
				INFOPLIST_FILE = "DEMO-SwiftUITests/Info.plist";
				LD_RUNPATH_SEARCH_PATHS = "$(inherited) @executable_path/Frameworks @loader_path/Frameworks";
				PRODUCT_BUNDLE_IDENTIFIER = "DingSoung.DEMO-SwiftUITests";
				PRODUCT_NAME = "$(TARGET_NAME)";
				SWIFT_VERSION = 3.0;
				TEST_TARGET_NAME = "DEMO-Swift";
			};
			name = Release;
		};
/* End XCBuildConfiguration section */

/* Begin XCConfigurationList section */
		CEF7A8301DC73430000B9B6B /* Build configuration list for PBXProject "DEMO-Swift" */ = {
			isa = XCConfigurationList;
			buildConfigurations = (
				CEF7A85B1DC73430000B9B6B /* Debug */,
				CEF7A85C1DC73430000B9B6B /* Release */,
			);
			defaultConfigurationIsVisible = 0;
			defaultConfigurationName = Release;
		};
		CEF7A85D1DC73430000B9B6B /* Build configuration list for PBXNativeTarget "DEMO-Swift" */ = {
			isa = XCConfigurationList;
			buildConfigurations = (
				CEF7A85E1DC73430000B9B6B /* Debug */,
				CEF7A85F1DC73430000B9B6B /* Release */,
			);
			defaultConfigurationIsVisible = 0;
			defaultConfigurationName = Release;
		};
		CEF7A8601DC73430000B9B6B /* Build configuration list for PBXNativeTarget "DEMO-SwiftTests" */ = {
			isa = XCConfigurationList;
			buildConfigurations = (
				CEF7A8611DC73430000B9B6B /* Debug */,
				CEF7A8621DC73430000B9B6B /* Release */,
			);
			defaultConfigurationIsVisible = 0;
			defaultConfigurationName = Release;
		};
		CEF7A8631DC73430000B9B6B /* Build configuration list for PBXNativeTarget "DEMO-SwiftUITests" */ = {
			isa = XCConfigurationList;
			buildConfigurations = (
				CEF7A8641DC73430000B9B6B /* Debug */,
				CEF7A8651DC73430000B9B6B /* Release */,
			);
			defaultConfigurationIsVisible = 0;
			defaultConfigurationName = Release;
		};
/* End XCConfigurationList section */
	};
	rootObject = CEF7A82D1DC73430000B9B6B /* Project object */;
}
