// !$*UTF8*$!
{
	archiveVersion = 1;
	classes = {
	};
	objectVersion = 46;
	objects = {

/* Begin PBXBuildFile section */
		FA05ABF61CB920A100B59AFE /* CCKit.h in Headers */ = {isa = PBXBuildFile; fileRef = FA05ABF51CB920A100B59AFE /* CCKit.h */; settings = {ATTRIBUTES = (Public, ); }; };
		FA05ABFD1CB920A100B59AFE /* CCKit.framework in Frameworks */ = {isa = PBXBuildFile; fileRef = FA05ABF21CB920A100B59AFE /* CCKit.framework */; };
		FA05AC021CB920A100B59AFE /* CCKitTests.swift in Sources */ = {isa = PBXBuildFile; fileRef = FA05AC011CB920A100B59AFE /* CCKitTests.swift */; };
		FAC0C5351CB929550088C5A8 /* CCNetwork+Tools.swift in Sources */ = {isa = PBXBuildFile; fileRef = FAC0C5321CB929550088C5A8 /* CCNetwork+Tools.swift */; };
		FAC0C5361CB929550088C5A8 /* CCNetwork.swift in Sources */ = {isa = PBXBuildFile; fileRef = FAC0C5331CB929550088C5A8 /* CCNetwork.swift */; };
		FAC0C5371CB929550088C5A8 /* CCNetworkRequest.swift in Sources */ = {isa = PBXBuildFile; fileRef = FAC0C5341CB929550088C5A8 /* CCNetworkRequest.swift */; };
		FAC0C5451CB9295F0088C5A8 /* NSAttributedString+Tools.swift in Sources */ = {isa = PBXBuildFile; fileRef = FAC0C53A1CB9295F0088C5A8 /* NSAttributedString+Tools.swift */; };
		FAC0C5461CB9295F0088C5A8 /* NSData+Tools.swift in Sources */ = {isa = PBXBuildFile; fileRef = FAC0C53B1CB9295F0088C5A8 /* NSData+Tools.swift */; };
		FAC0C5471CB9295F0088C5A8 /* NSDictionary+Tools.swift in Sources */ = {isa = PBXBuildFile; fileRef = FAC0C53C1CB9295F0088C5A8 /* NSDictionary+Tools.swift */; };
		FAC0C5481CB9295F0088C5A8 /* NSObject+Tools.swift in Sources */ = {isa = PBXBuildFile; fileRef = FAC0C53D1CB9295F0088C5A8 /* NSObject+Tools.swift */; };
		FAC0C5491CB9295F0088C5A8 /* NSString+Tools.swift in Sources */ = {isa = PBXBuildFile; fileRef = FAC0C53E1CB9295F0088C5A8 /* NSString+Tools.swift */; };
		FAC0C54A1CB9295F0088C5A8 /* Swift+Tools.swift in Sources */ = {isa = PBXBuildFile; fileRef = FAC0C53F1CB9295F0088C5A8 /* Swift+Tools.swift */; };
		FAC0C54B1CB9295F0088C5A8 /* UIColor+Tools.swift in Sources */ = {isa = PBXBuildFile; fileRef = FAC0C5411CB9295F0088C5A8 /* UIColor+Tools.swift */; };
		FAC0C54C1CB9295F0088C5A8 /* UIImage+Tools.swift in Sources */ = {isa = PBXBuildFile; fileRef = FAC0C5421CB9295F0088C5A8 /* UIImage+Tools.swift */; };
		FAC0C54D1CB9295F0088C5A8 /* UIVIew+Tools.swift in Sources */ = {isa = PBXBuildFile; fileRef = FAC0C5431CB9295F0088C5A8 /* UIVIew+Tools.swift */; };
		FAC0C54E1CB9295F0088C5A8 /* UIWebView+Tools.swift in Sources */ = {isa = PBXBuildFile; fileRef = FAC0C5441CB9295F0088C5A8 /* UIWebView+Tools.swift */; };
		FAC6337D1CBD0D82006110DF /* CCKit.podspec in Resources */ = {isa = PBXBuildFile; fileRef = FAC6337C1CBD0D82006110DF /* CCKit.podspec */; };
/* End PBXBuildFile section */

/* Begin PBXContainerItemProxy section */
		FA05ABFE1CB920A100B59AFE /* PBXContainerItemProxy */ = {
			isa = PBXContainerItemProxy;
			containerPortal = FA05ABE91CB920A100B59AFE /* Project object */;
			proxyType = 1;
			remoteGlobalIDString = FA05ABF11CB920A100B59AFE;
			remoteInfo = CCKit;
		};
/* End PBXContainerItemProxy section */

/* Begin PBXFileReference section */
		FA05ABF21CB920A100B59AFE /* CCKit.framework */ = {isa = PBXFileReference; explicitFileType = wrapper.framework; includeInIndex = 0; path = CCKit.framework; sourceTree = BUILT_PRODUCTS_DIR; };
		FA05ABF51CB920A100B59AFE /* CCKit.h */ = {isa = PBXFileReference; lastKnownFileType = sourcecode.c.h; path = CCKit.h; sourceTree = "<group>"; };
		FA05ABF71CB920A100B59AFE /* Info.plist */ = {isa = PBXFileReference; lastKnownFileType = text.plist.xml; path = Info.plist; sourceTree = "<group>"; };
		FA05ABFC1CB920A100B59AFE /* CCKitTests.xctest */ = {isa = PBXFileReference; explicitFileType = wrapper.cfbundle; includeInIndex = 0; path = CCKitTests.xctest; sourceTree = BUILT_PRODUCTS_DIR; };
		FA05AC011CB920A100B59AFE /* CCKitTests.swift */ = {isa = PBXFileReference; lastKnownFileType = sourcecode.swift; path = CCKitTests.swift; sourceTree = "<group>"; };
		FA05AC031CB920A100B59AFE /* Info.plist */ = {isa = PBXFileReference; lastKnownFileType = text.plist.xml; path = Info.plist; sourceTree = "<group>"; };
		FAC0C5321CB929550088C5A8 /* CCNetwork+Tools.swift */ = {isa = PBXFileReference; fileEncoding = 4; lastKnownFileType = sourcecode.swift; path = "CCNetwork+Tools.swift"; sourceTree = "<group>"; };
		FAC0C5331CB929550088C5A8 /* CCNetwork.swift */ = {isa = PBXFileReference; fileEncoding = 4; lastKnownFileType = sourcecode.swift; path = CCNetwork.swift; sourceTree = "<group>"; };
		FAC0C5341CB929550088C5A8 /* CCNetworkRequest.swift */ = {isa = PBXFileReference; fileEncoding = 4; lastKnownFileType = sourcecode.swift; path = CCNetworkRequest.swift; sourceTree = "<group>"; };
		FAC0C53A1CB9295F0088C5A8 /* NSAttributedString+Tools.swift */ = {isa = PBXFileReference; fileEncoding = 4; lastKnownFileType = sourcecode.swift; path = "NSAttributedString+Tools.swift"; sourceTree = "<group>"; };
		FAC0C53B1CB9295F0088C5A8 /* NSData+Tools.swift */ = {isa = PBXFileReference; fileEncoding = 4; lastKnownFileType = sourcecode.swift; path = "NSData+Tools.swift"; sourceTree = "<group>"; };
		FAC0C53C1CB9295F0088C5A8 /* NSDictionary+Tools.swift */ = {isa = PBXFileReference; fileEncoding = 4; lastKnownFileType = sourcecode.swift; path = "NSDictionary+Tools.swift"; sourceTree = "<group>"; };
		FAC0C53D1CB9295F0088C5A8 /* NSObject+Tools.swift */ = {isa = PBXFileReference; fileEncoding = 4; lastKnownFileType = sourcecode.swift; path = "NSObject+Tools.swift"; sourceTree = "<group>"; };
		FAC0C53E1CB9295F0088C5A8 /* NSString+Tools.swift */ = {isa = PBXFileReference; fileEncoding = 4; lastKnownFileType = sourcecode.swift; path = "NSString+Tools.swift"; sourceTree = "<group>"; };
		FAC0C53F1CB9295F0088C5A8 /* Swift+Tools.swift */ = {isa = PBXFileReference; fileEncoding = 4; lastKnownFileType = sourcecode.swift; path = "Swift+Tools.swift"; sourceTree = "<group>"; };
		FAC0C5411CB9295F0088C5A8 /* UIColor+Tools.swift */ = {isa = PBXFileReference; fileEncoding = 4; lastKnownFileType = sourcecode.swift; path = "UIColor+Tools.swift"; sourceTree = "<group>"; };
		FAC0C5421CB9295F0088C5A8 /* UIImage+Tools.swift */ = {isa = PBXFileReference; fileEncoding = 4; lastKnownFileType = sourcecode.swift; path = "UIImage+Tools.swift"; sourceTree = "<group>"; };
		FAC0C5431CB9295F0088C5A8 /* UIVIew+Tools.swift */ = {isa = PBXFileReference; fileEncoding = 4; lastKnownFileType = sourcecode.swift; path = "UIVIew+Tools.swift"; sourceTree = "<group>"; };
		FAC0C5441CB9295F0088C5A8 /* UIWebView+Tools.swift */ = {isa = PBXFileReference; fileEncoding = 4; lastKnownFileType = sourcecode.swift; path = "UIWebView+Tools.swift"; sourceTree = "<group>"; };
		FAC6337C1CBD0D82006110DF /* CCKit.podspec */ = {isa = PBXFileReference; fileEncoding = 4; lastKnownFileType = text; path = CCKit.podspec; sourceTree = "<group>"; };
/* End PBXFileReference section */

/* Begin PBXFrameworksBuildPhase section */
		FA05ABEE1CB920A100B59AFE /* Frameworks */ = {
			isa = PBXFrameworksBuildPhase;
			buildActionMask = 2147483647;
			files = (
			);
			runOnlyForDeploymentPostprocessing = 0;
		};
		FA05ABF91CB920A100B59AFE /* Frameworks */ = {
			isa = PBXFrameworksBuildPhase;
			buildActionMask = 2147483647;
			files = (
				FA05ABFD1CB920A100B59AFE /* CCKit.framework in Frameworks */,
			);
			runOnlyForDeploymentPostprocessing = 0;
		};
/* End PBXFrameworksBuildPhase section */

/* Begin PBXGroup section */
		FA05ABE81CB920A100B59AFE = {
			isa = PBXGroup;
			children = (
				FAC6337C1CBD0D82006110DF /* CCKit.podspec */,
				FA05ABF41CB920A100B59AFE /* CCKit */,
				FA05AC001CB920A100B59AFE /* CCKitTests */,
				FA05ABF31CB920A100B59AFE /* Products */,
			);
			sourceTree = "<group>";
		};
		FA05ABF31CB920A100B59AFE /* Products */ = {
			isa = PBXGroup;
			children = (
				FA05ABF21CB920A100B59AFE /* CCKit.framework */,
				FA05ABFC1CB920A100B59AFE /* CCKitTests.xctest */,
			);
			name = Products;
			sourceTree = "<group>";
		};
		FA05ABF41CB920A100B59AFE /* CCKit */ = {
			isa = PBXGroup;
			children = (
				FAC0C5381CB9295F0088C5A8 /* CCExtension */,
				FAC0C5311CB929550088C5A8 /* CCNetwork */,
				FA05ABF51CB920A100B59AFE /* CCKit.h */,
				FA05ABF71CB920A100B59AFE /* Info.plist */,
			);
			path = CCKit;
			sourceTree = "<group>";
		};
		FA05AC001CB920A100B59AFE /* CCKitTests */ = {
			isa = PBXGroup;
			children = (
				FA05AC011CB920A100B59AFE /* CCKitTests.swift */,
				FA05AC031CB920A100B59AFE /* Info.plist */,
			);
			path = CCKitTests;
			sourceTree = "<group>";
		};
		FAC0C5311CB929550088C5A8 /* CCNetwork */ = {
			isa = PBXGroup;
			children = (
				FAC0C5321CB929550088C5A8 /* CCNetwork+Tools.swift */,
				FAC0C5331CB929550088C5A8 /* CCNetwork.swift */,
				FAC0C5341CB929550088C5A8 /* CCNetworkRequest.swift */,
			);
			path = CCNetwork;
			sourceTree = "<group>";
		};
		FAC0C5381CB9295F0088C5A8 /* CCExtension */ = {
			isa = PBXGroup;
			children = (
				FAC0C5391CB9295F0088C5A8 /* Foundation */,
				FAC0C53F1CB9295F0088C5A8 /* Swift+Tools.swift */,
				FAC0C5401CB9295F0088C5A8 /* UIKit */,
			);
			path = CCExtension;
			sourceTree = "<group>";
		};
		FAC0C5391CB9295F0088C5A8 /* Foundation */ = {
			isa = PBXGroup;
			children = (
				FAC0C53A1CB9295F0088C5A8 /* NSAttributedString+Tools.swift */,
				FAC0C53B1CB9295F0088C5A8 /* NSData+Tools.swift */,
				FAC0C53C1CB9295F0088C5A8 /* NSDictionary+Tools.swift */,
				FAC0C53D1CB9295F0088C5A8 /* NSObject+Tools.swift */,
				FAC0C53E1CB9295F0088C5A8 /* NSString+Tools.swift */,
			);
			path = Foundation;
			sourceTree = "<group>";
		};
		FAC0C5401CB9295F0088C5A8 /* UIKit */ = {
			isa = PBXGroup;
			children = (
				FAC0C5411CB9295F0088C5A8 /* UIColor+Tools.swift */,
				FAC0C5421CB9295F0088C5A8 /* UIImage+Tools.swift */,
				FAC0C5431CB9295F0088C5A8 /* UIVIew+Tools.swift */,
				FAC0C5441CB9295F0088C5A8 /* UIWebView+Tools.swift */,
			);
			path = UIKit;
			sourceTree = "<group>";
		};
/* End PBXGroup section */

/* Begin PBXHeadersBuildPhase section */
		FA05ABEF1CB920A100B59AFE /* Headers */ = {
			isa = PBXHeadersBuildPhase;
			buildActionMask = 2147483647;
			files = (
				FA05ABF61CB920A100B59AFE /* CCKit.h in Headers */,
			);
			runOnlyForDeploymentPostprocessing = 0;
		};
/* End PBXHeadersBuildPhase section */

/* Begin PBXNativeTarget section */
		FA05ABF11CB920A100B59AFE /* CCKit */ = {
			isa = PBXNativeTarget;
			buildConfigurationList = FA05AC061CB920A100B59AFE /* Build configuration list for PBXNativeTarget "CCKit" */;
			buildPhases = (
				FA05ABED1CB920A100B59AFE /* Sources */,
				FA05ABEE1CB920A100B59AFE /* Frameworks */,
				FA05ABEF1CB920A100B59AFE /* Headers */,
				FA05ABF01CB920A100B59AFE /* Resources */,
			);
			buildRules = (
			);
			dependencies = (
			);
			name = CCKit;
			productName = CCKit;
			productReference = FA05ABF21CB920A100B59AFE /* CCKit.framework */;
			productType = "com.apple.product-type.framework";
		};
		FA05ABFB1CB920A100B59AFE /* CCKitTests */ = {
			isa = PBXNativeTarget;
			buildConfigurationList = FA05AC091CB920A100B59AFE /* Build configuration list for PBXNativeTarget "CCKitTests" */;
			buildPhases = (
				FA05ABF81CB920A100B59AFE /* Sources */,
				FA05ABF91CB920A100B59AFE /* Frameworks */,
				FA05ABFA1CB920A100B59AFE /* Resources */,
			);
			buildRules = (
			);
			dependencies = (
				FA05ABFF1CB920A100B59AFE /* PBXTargetDependency */,
			);
			name = CCKitTests;
			productName = CCKitTests;
			productReference = FA05ABFC1CB920A100B59AFE /* CCKitTests.xctest */;
			productType = "com.apple.product-type.bundle.unit-test";
		};
/* End PBXNativeTarget section */

/* Begin PBXProject section */
		FA05ABE91CB920A100B59AFE /* Project object */ = {
			isa = PBXProject;
			attributes = {
				LastSwiftUpdateCheck = 0730;
				LastUpgradeCheck = 0730;
				ORGANIZATIONNAME = ifnil;
				TargetAttributes = {
					FA05ABF11CB920A100B59AFE = {
						CreatedOnToolsVersion = 7.3;
					};
					FA05ABFB1CB920A100B59AFE = {
						CreatedOnToolsVersion = 7.3;
					};
				};
			};
			buildConfigurationList = FA05ABEC1CB920A100B59AFE /* Build configuration list for PBXProject "CCKit" */;
			compatibilityVersion = "Xcode 3.2";
			developmentRegion = English;
			hasScannedForEncodings = 0;
			knownRegions = (
				en,
			);
			mainGroup = FA05ABE81CB920A100B59AFE;
			productRefGroup = FA05ABF31CB920A100B59AFE /* Products */;
			projectDirPath = "";
			projectRoot = "";
			targets = (
				FA05ABF11CB920A100B59AFE /* CCKit */,
				FA05ABFB1CB920A100B59AFE /* CCKitTests */,
			);
		};
/* End PBXProject section */

/* Begin PBXResourcesBuildPhase section */
		FA05ABF01CB920A100B59AFE /* Resources */ = {
			isa = PBXResourcesBuildPhase;
			buildActionMask = 2147483647;
			files = (
				FAC6337D1CBD0D82006110DF /* CCKit.podspec in Resources */,
			);
			runOnlyForDeploymentPostprocessing = 0;
		};
		FA05ABFA1CB920A100B59AFE /* Resources */ = {
			isa = PBXResourcesBuildPhase;
			buildActionMask = 2147483647;
			files = (
			);
			runOnlyForDeploymentPostprocessing = 0;
		};
/* End PBXResourcesBuildPhase section */

/* Begin PBXSourcesBuildPhase section */
		FA05ABED1CB920A100B59AFE /* Sources */ = {
			isa = PBXSourcesBuildPhase;
			buildActionMask = 2147483647;
			files = (
				FAC0C5371CB929550088C5A8 /* CCNetworkRequest.swift in Sources */,
				FAC0C54B1CB9295F0088C5A8 /* UIColor+Tools.swift in Sources */,
				FAC0C5461CB9295F0088C5A8 /* NSData+Tools.swift in Sources */,
				FAC0C5451CB9295F0088C5A8 /* NSAttributedString+Tools.swift in Sources */,
				FAC0C54A1CB9295F0088C5A8 /* Swift+Tools.swift in Sources */,
				FAC0C5491CB9295F0088C5A8 /* NSString+Tools.swift in Sources */,
				FAC0C54D1CB9295F0088C5A8 /* UIVIew+Tools.swift in Sources */,
				FAC0C54C1CB9295F0088C5A8 /* UIImage+Tools.swift in Sources */,
				FAC0C5361CB929550088C5A8 /* CCNetwork.swift in Sources */,
				FAC0C5481CB9295F0088C5A8 /* NSObject+Tools.swift in Sources */,
				FAC0C5471CB9295F0088C5A8 /* NSDictionary+Tools.swift in Sources */,
				FAC0C54E1CB9295F0088C5A8 /* UIWebView+Tools.swift in Sources */,
				FAC0C5351CB929550088C5A8 /* CCNetwork+Tools.swift in Sources */,
			);
			runOnlyForDeploymentPostprocessing = 0;
		};
		FA05ABF81CB920A100B59AFE /* Sources */ = {
			isa = PBXSourcesBuildPhase;
			buildActionMask = 2147483647;
			files = (
				FA05AC021CB920A100B59AFE /* CCKitTests.swift in Sources */,
			);
			runOnlyForDeploymentPostprocessing = 0;
		};
/* End PBXSourcesBuildPhase section */

/* Begin PBXTargetDependency section */
		FA05ABFF1CB920A100B59AFE /* PBXTargetDependency */ = {
			isa = PBXTargetDependency;
			target = FA05ABF11CB920A100B59AFE /* CCKit */;
			targetProxy = FA05ABFE1CB920A100B59AFE /* PBXContainerItemProxy */;
		};
/* End PBXTargetDependency section */

/* Begin XCBuildConfiguration section */
		FA05AC041CB920A100B59AFE /* Debug */ = {
			isa = XCBuildConfiguration;
			buildSettings = {
				ALWAYS_SEARCH_USER_PATHS = NO;
				CLANG_ANALYZER_NONNULL = YES;
				CLANG_CXX_LANGUAGE_STANDARD = "gnu++0x";
				CLANG_CXX_LIBRARY = "libc++";
				CLANG_ENABLE_MODULES = YES;
				CLANG_ENABLE_OBJC_ARC = YES;
				CLANG_WARN_BOOL_CONVERSION = YES;
				CLANG_WARN_CONSTANT_CONVERSION = YES;
				CLANG_WARN_DIRECT_OBJC_ISA_USAGE = YES_ERROR;
				CLANG_WARN_EMPTY_BODY = YES;
				CLANG_WARN_ENUM_CONVERSION = YES;
				CLANG_WARN_INT_CONVERSION = YES;
				CLANG_WARN_OBJC_ROOT_CLASS = YES_ERROR;
				CLANG_WARN_UNREACHABLE_CODE = YES;
				CLANG_WARN__DUPLICATE_METHOD_MATCH = YES;
				"CODE_SIGN_IDENTITY[sdk=iphoneos*]" = "iPhone Developer";
				COPY_PHASE_STRIP = NO;
				CURRENT_PROJECT_VERSION = 1;
				DEBUG_INFORMATION_FORMAT = dwarf;
				ENABLE_STRICT_OBJC_MSGSEND = YES;
				ENABLE_TESTABILITY = YES;
				GCC_C_LANGUAGE_STANDARD = gnu99;
				GCC_DYNAMIC_NO_PIC = NO;
				GCC_NO_COMMON_BLOCKS = YES;
				GCC_OPTIMIZATION_LEVEL = 0;
				GCC_PREPROCESSOR_DEFINITIONS = (
					"DEBUG=1",
					"$(inherited)",
				);
				GCC_WARN_64_TO_32_BIT_CONVERSION = YES;
				GCC_WARN_ABOUT_RETURN_TYPE = YES_ERROR;
				GCC_WARN_UNDECLARED_SELECTOR = YES;
				GCC_WARN_UNINITIALIZED_AUTOS = YES_AGGRESSIVE;
				GCC_WARN_UNUSED_FUNCTION = YES;
				GCC_WARN_UNUSED_VARIABLE = YES;
				IPHONEOS_DEPLOYMENT_TARGET = 9.3;
				MTL_ENABLE_DEBUG_INFO = YES;
				ONLY_ACTIVE_ARCH = YES;
				SDKROOT = iphoneos;
				SWIFT_OPTIMIZATION_LEVEL = "-Onone";
				TARGETED_DEVICE_FAMILY = "1,2";
				VERSIONING_SYSTEM = "apple-generic";
				VERSION_INFO_PREFIX = "";
			};
			name = Debug;
		};
		FA05AC051CB920A100B59AFE /* Release */ = {
			isa = XCBuildConfiguration;
			buildSettings = {
				ALWAYS_SEARCH_USER_PATHS = NO;
				CLANG_ANALYZER_NONNULL = YES;
				CLANG_CXX_LANGUAGE_STANDARD = "gnu++0x";
				CLANG_CXX_LIBRARY = "libc++";
				CLANG_ENABLE_MODULES = YES;
				CLANG_ENABLE_OBJC_ARC = YES;
				CLANG_WARN_BOOL_CONVERSION = YES;
				CLANG_WARN_CONSTANT_CONVERSION = YES;
				CLANG_WARN_DIRECT_OBJC_ISA_USAGE = YES_ERROR;
				CLANG_WARN_EMPTY_BODY = YES;
				CLANG_WARN_ENUM_CONVERSION = YES;
				CLANG_WARN_INT_CONVERSION = YES;
				CLANG_WARN_OBJC_ROOT_CLASS = YES_ERROR;
				CLANG_WARN_UNREACHABLE_CODE = YES;
				CLANG_WARN__DUPLICATE_METHOD_MATCH = YES;
				"CODE_SIGN_IDENTITY[sdk=iphoneos*]" = "iPhone Developer";
				COPY_PHASE_STRIP = NO;
				CURRENT_PROJECT_VERSION = 1;
				DEBUG_INFORMATION_FORMAT = "dwarf-with-dsym";
				ENABLE_NS_ASSERTIONS = NO;
				ENABLE_STRICT_OBJC_MSGSEND = YES;
				GCC_C_LANGUAGE_STANDARD = gnu99;
				GCC_NO_COMMON_BLOCKS = YES;
				GCC_WARN_64_TO_32_BIT_CONVERSION = YES;
				GCC_WARN_ABOUT_RETURN_TYPE = YES_ERROR;
				GCC_WARN_UNDECLARED_SELECTOR = YES;
				GCC_WARN_UNINITIALIZED_AUTOS = YES_AGGRESSIVE;
				GCC_WARN_UNUSED_FUNCTION = YES;
				GCC_WARN_UNUSED_VARIABLE = YES;
				IPHONEOS_DEPLOYMENT_TARGET = 9.3;
				MTL_ENABLE_DEBUG_INFO = NO;
				SDKROOT = iphoneos;
				TARGETED_DEVICE_FAMILY = "1,2";
				VALIDATE_PRODUCT = YES;
				VERSIONING_SYSTEM = "apple-generic";
				VERSION_INFO_PREFIX = "";
			};
			name = Release;
		};
		FA05AC071CB920A100B59AFE /* Debug */ = {
			isa = XCBuildConfiguration;
			buildSettings = {
				DEFINES_MODULE = YES;
				DYLIB_COMPATIBILITY_VERSION = 1;
				DYLIB_CURRENT_VERSION = 1;
				DYLIB_INSTALL_NAME_BASE = "@rpath";
				INFOPLIST_FILE = CCKit/Info.plist;
				INSTALL_PATH = "$(LOCAL_LIBRARY_DIR)/Frameworks";
				IPHONEOS_DEPLOYMENT_TARGET = 8.0;
				LD_RUNPATH_SEARCH_PATHS = "$(inherited) @executable_path/Frameworks @loader_path/Frameworks";
				PRODUCT_BUNDLE_IDENTIFIER = com.dingsoung.CCKit;
				PRODUCT_NAME = "$(TARGET_NAME)";
				SKIP_INSTALL = YES;
			};
			name = Debug;
		};
		FA05AC081CB920A100B59AFE /* Release */ = {
			isa = XCBuildConfiguration;
			buildSettings = {
				DEFINES_MODULE = YES;
				DYLIB_COMPATIBILITY_VERSION = 1;
				DYLIB_CURRENT_VERSION = 1;
				DYLIB_INSTALL_NAME_BASE = "@rpath";
				INFOPLIST_FILE = CCKit/Info.plist;
				INSTALL_PATH = "$(LOCAL_LIBRARY_DIR)/Frameworks";
				IPHONEOS_DEPLOYMENT_TARGET = 8.0;
				LD_RUNPATH_SEARCH_PATHS = "$(inherited) @executable_path/Frameworks @loader_path/Frameworks";
				PRODUCT_BUNDLE_IDENTIFIER = com.dingsoung.CCKit;
				PRODUCT_NAME = "$(TARGET_NAME)";
				SKIP_INSTALL = YES;
			};
			name = Release;
		};
		FA05AC0A1CB920A100B59AFE /* Debug */ = {
			isa = XCBuildConfiguration;
			buildSettings = {
				INFOPLIST_FILE = CCKitTests/Info.plist;
				LD_RUNPATH_SEARCH_PATHS = "$(inherited) @executable_path/Frameworks @loader_path/Frameworks";
				PRODUCT_BUNDLE_IDENTIFIER = com.dingsoung.CCKitTests;
				PRODUCT_NAME = "$(TARGET_NAME)";
			};
			name = Debug;
		};
		FA05AC0B1CB920A100B59AFE /* Release */ = {
			isa = XCBuildConfiguration;
			buildSettings = {
				INFOPLIST_FILE = CCKitTests/Info.plist;
				LD_RUNPATH_SEARCH_PATHS = "$(inherited) @executable_path/Frameworks @loader_path/Frameworks";
				PRODUCT_BUNDLE_IDENTIFIER = com.dingsoung.CCKitTests;
				PRODUCT_NAME = "$(TARGET_NAME)";
			};
			name = Release;
		};
/* End XCBuildConfiguration section */

/* Begin XCConfigurationList section */
		FA05ABEC1CB920A100B59AFE /* Build configuration list for PBXProject "CCKit" */ = {
			isa = XCConfigurationList;
			buildConfigurations = (
				FA05AC041CB920A100B59AFE /* Debug */,
				FA05AC051CB920A100B59AFE /* Release */,
			);
			defaultConfigurationIsVisible = 0;
			defaultConfigurationName = Release;
		};
		FA05AC061CB920A100B59AFE /* Build configuration list for PBXNativeTarget "CCKit" */ = {
			isa = XCConfigurationList;
			buildConfigurations = (
				FA05AC071CB920A100B59AFE /* Debug */,
				FA05AC081CB920A100B59AFE /* Release */,
			);
			defaultConfigurationIsVisible = 0;
			defaultConfigurationName = Release;
		};
		FA05AC091CB920A100B59AFE /* Build configuration list for PBXNativeTarget "CCKitTests" */ = {
			isa = XCConfigurationList;
			buildConfigurations = (
				FA05AC0A1CB920A100B59AFE /* Debug */,
				FA05AC0B1CB920A100B59AFE /* Release */,
			);
			defaultConfigurationIsVisible = 0;
			defaultConfigurationName = Release;
		};
/* End XCConfigurationList section */
	};
	rootObject = FA05ABE91CB920A100B59AFE /* Project object */;
}
