// !$*UTF8*$!
{
	archiveVersion = 1;
	classes = {
	};
	objectVersion = 46;
	objects = {

/* Begin PBXBuildFile section */
		CE35A7971E35E595007C8FC0 /* main.m in Sources */ = {isa = PBXBuildFile; fileRef = CE35A7961E35E595007C8FC0 /* main.m */; };
		CE35A79A1E35E595007C8FC0 /* AppDelegate.m in Sources */ = {isa = PBXBuildFile; fileRef = CE35A7991E35E595007C8FC0 /* AppDelegate.m */; };
		CE35A79D1E35E595007C8FC0 /* ViewController.m in Sources */ = {isa = PBXBuildFile; fileRef = CE35A79C1E35E595007C8FC0 /* ViewController.m */; };
		CE35A7A01E35E595007C8FC0 /* Main.storyboard in Resources */ = {isa = PBXBuildFile; fileRef = CE35A79E1E35E595007C8FC0 /* Main.storyboard */; };
		CE35A7A21E35E595007C8FC0 /* Assets.xcassets in Resources */ = {isa = PBXBuildFile; fileRef = CE35A7A11E35E595007C8FC0 /* Assets.xcassets */; };
		CE35A7A51E35E595007C8FC0 /* LaunchScreen.storyboard in Resources */ = {isa = PBXBuildFile; fileRef = CE35A7A31E35E595007C8FC0 /* LaunchScreen.storyboard */; };
		CE35A7B01E35E595007C8FC0 /* DEMOTests.m in Sources */ = {isa = PBXBuildFile; fileRef = CE35A7AF1E35E595007C8FC0 /* DEMOTests.m */; };
		CE35A7BB1E35E595007C8FC0 /* DEMOUITests.m in Sources */ = {isa = PBXBuildFile; fileRef = CE35A7BA1E35E595007C8FC0 /* DEMOUITests.m */; };
		CE35A7F41E35E65F007C8FC0 /* DEMO.swift in Sources */ = {isa = PBXBuildFile; fileRef = CE35A7F31E35E65F007C8FC0 /* DEMO.swift */; };
		CE607F541F053AC5007E99DC /* Extension.framework in Embed Frameworks */ = {isa = PBXBuildFile; fileRef = CE607F511F05338E007E99DC /* Extension.framework */; settings = {ATTRIBUTES = (CodeSignOnCopy, RemoveHeadersOnCopy, ); }; };
/* End PBXBuildFile section */

/* Begin PBXContainerItemProxy section */
		CE35A7AC1E35E595007C8FC0 /* PBXContainerItemProxy */ = {
			isa = PBXContainerItemProxy;
			containerPortal = CE35A78A1E35E594007C8FC0 /* Project object */;
			proxyType = 1;
			remoteGlobalIDString = CE35A7911E35E595007C8FC0;
			remoteInfo = DEMO;
		};
		CE35A7B71E35E595007C8FC0 /* PBXContainerItemProxy */ = {
			isa = PBXContainerItemProxy;
			containerPortal = CE35A78A1E35E594007C8FC0 /* Project object */;
			proxyType = 1;
			remoteGlobalIDString = CE35A7911E35E595007C8FC0;
			remoteInfo = DEMO;
		};
/* End PBXContainerItemProxy section */

/* Begin PBXCopyFilesBuildPhase section */
		CE607F201F051FBB007E99DC /* Embed Frameworks */ = {
			isa = PBXCopyFilesBuildPhase;
			buildActionMask = 2147483647;
			dstPath = "";
			dstSubfolderSpec = 10;
			files = (
				CE607F541F053AC5007E99DC /* Extension.framework in Embed Frameworks */,
			);
			name = "Embed Frameworks";
			runOnlyForDeploymentPostprocessing = 0;
		};
/* End PBXCopyFilesBuildPhase section */

/* Begin PBXFileReference section */
		CE35A7921E35E595007C8FC0 /* DEMO.app */ = {isa = PBXFileReference; explicitFileType = wrapper.application; includeInIndex = 0; path = DEMO.app; sourceTree = BUILT_PRODUCTS_DIR; };
		CE35A7961E35E595007C8FC0 /* main.m */ = {isa = PBXFileReference; lastKnownFileType = sourcecode.c.objc; path = main.m; sourceTree = "<group>"; };
		CE35A7981E35E595007C8FC0 /* AppDelegate.h */ = {isa = PBXFileReference; lastKnownFileType = sourcecode.c.h; path = AppDelegate.h; sourceTree = "<group>"; };
		CE35A7991E35E595007C8FC0 /* AppDelegate.m */ = {isa = PBXFileReference; lastKnownFileType = sourcecode.c.objc; path = AppDelegate.m; sourceTree = "<group>"; };
		CE35A79B1E35E595007C8FC0 /* ViewController.h */ = {isa = PBXFileReference; lastKnownFileType = sourcecode.c.h; path = ViewController.h; sourceTree = "<group>"; };
		CE35A79C1E35E595007C8FC0 /* ViewController.m */ = {isa = PBXFileReference; lastKnownFileType = sourcecode.c.objc; path = ViewController.m; sourceTree = "<group>"; };
		CE35A79F1E35E595007C8FC0 /* Base */ = {isa = PBXFileReference; lastKnownFileType = file.storyboard; name = Base; path = Base.lproj/Main.storyboard; sourceTree = "<group>"; };
		CE35A7A11E35E595007C8FC0 /* Assets.xcassets */ = {isa = PBXFileReference; lastKnownFileType = folder.assetcatalog; path = Assets.xcassets; sourceTree = "<group>"; };
		CE35A7A41E35E595007C8FC0 /* Base */ = {isa = PBXFileReference; lastKnownFileType = file.storyboard; name = Base; path = Base.lproj/LaunchScreen.storyboard; sourceTree = "<group>"; };
		CE35A7A61E35E595007C8FC0 /* Info.plist */ = {isa = PBXFileReference; lastKnownFileType = text.plist.xml; path = Info.plist; sourceTree = "<group>"; };
		CE35A7AB1E35E595007C8FC0 /* DEMOTests.xctest */ = {isa = PBXFileReference; explicitFileType = wrapper.cfbundle; includeInIndex = 0; path = DEMOTests.xctest; sourceTree = BUILT_PRODUCTS_DIR; };
		CE35A7AF1E35E595007C8FC0 /* DEMOTests.m */ = {isa = PBXFileReference; lastKnownFileType = sourcecode.c.objc; path = DEMOTests.m; sourceTree = "<group>"; };
		CE35A7B11E35E595007C8FC0 /* Info.plist */ = {isa = PBXFileReference; lastKnownFileType = text.plist.xml; path = Info.plist; sourceTree = "<group>"; };
		CE35A7B61E35E595007C8FC0 /* DEMOUITests.xctest */ = {isa = PBXFileReference; explicitFileType = wrapper.cfbundle; includeInIndex = 0; path = DEMOUITests.xctest; sourceTree = BUILT_PRODUCTS_DIR; };
		CE35A7BA1E35E595007C8FC0 /* DEMOUITests.m */ = {isa = PBXFileReference; lastKnownFileType = sourcecode.c.objc; path = DEMOUITests.m; sourceTree = "<group>"; };
		CE35A7BC1E35E595007C8FC0 /* Info.plist */ = {isa = PBXFileReference; lastKnownFileType = text.plist.xml; path = Info.plist; sourceTree = "<group>"; };
		CE35A7F31E35E65F007C8FC0 /* DEMO.swift */ = {isa = PBXFileReference; fileEncoding = 4; lastKnownFileType = sourcecode.swift; path = DEMO.swift; sourceTree = "<group>"; };
		CE35A7F51E35E820007C8FC0 /* PrefixHeader.pch */ = {isa = PBXFileReference; fileEncoding = 4; lastKnownFileType = sourcecode.c.h; path = PrefixHeader.pch; sourceTree = "<group>"; };
		CE607F511F05338E007E99DC /* Extension.framework */ = {isa = PBXFileReference; lastKnownFileType = wrapper.framework; path = Extension.framework; sourceTree = "<group>"; };
/* End PBXFileReference section */

/* Begin PBXFrameworksBuildPhase section */
		CE35A78F1E35E595007C8FC0 /* Frameworks */ = {
			isa = PBXFrameworksBuildPhase;
			buildActionMask = 2147483647;
			files = (
			);
			runOnlyForDeploymentPostprocessing = 0;
		};
		CE35A7A81E35E595007C8FC0 /* Frameworks */ = {
			isa = PBXFrameworksBuildPhase;
			buildActionMask = 2147483647;
			files = (
			);
			runOnlyForDeploymentPostprocessing = 0;
		};
		CE35A7B31E35E595007C8FC0 /* Frameworks */ = {
			isa = PBXFrameworksBuildPhase;
			buildActionMask = 2147483647;
			files = (
			);
			runOnlyForDeploymentPostprocessing = 0;
		};
/* End PBXFrameworksBuildPhase section */

/* Begin PBXGroup section */
		CE35A7891E35E594007C8FC0 = {
			isa = PBXGroup;
			children = (
				CE607F511F05338E007E99DC /* Extension.framework */,
				CE35A7941E35E595007C8FC0 /* DEMO */,
				CE35A7AE1E35E595007C8FC0 /* DEMOTests */,
				CE35A7B91E35E595007C8FC0 /* DEMOUITests */,
				CE35A7931E35E595007C8FC0 /* Products */,
			);
			sourceTree = "<group>";
		};
		CE35A7931E35E595007C8FC0 /* Products */ = {
			isa = PBXGroup;
			children = (
				CE35A7921E35E595007C8FC0 /* DEMO.app */,
				CE35A7AB1E35E595007C8FC0 /* DEMOTests.xctest */,
				CE35A7B61E35E595007C8FC0 /* DEMOUITests.xctest */,
			);
			name = Products;
			sourceTree = "<group>";
		};
		CE35A7941E35E595007C8FC0 /* DEMO */ = {
			isa = PBXGroup;
			children = (
				CE35A7F51E35E820007C8FC0 /* PrefixHeader.pch */,
				CE35A7981E35E595007C8FC0 /* AppDelegate.h */,
				CE35A7991E35E595007C8FC0 /* AppDelegate.m */,
				CE35A79B1E35E595007C8FC0 /* ViewController.h */,
				CE35A79C1E35E595007C8FC0 /* ViewController.m */,
				CE35A7F31E35E65F007C8FC0 /* DEMO.swift */,
				CE35A79E1E35E595007C8FC0 /* Main.storyboard */,
				CE35A7A11E35E595007C8FC0 /* Assets.xcassets */,
				CE35A7A31E35E595007C8FC0 /* LaunchScreen.storyboard */,
				CE35A7A61E35E595007C8FC0 /* Info.plist */,
				CE35A7951E35E595007C8FC0 /* Supporting Files */,
			);
			path = DEMO;
			sourceTree = "<group>";
		};
		CE35A7951E35E595007C8FC0 /* Supporting Files */ = {
			isa = PBXGroup;
			children = (
				CE35A7961E35E595007C8FC0 /* main.m */,
			);
			name = "Supporting Files";
			sourceTree = "<group>";
		};
		CE35A7AE1E35E595007C8FC0 /* DEMOTests */ = {
			isa = PBXGroup;
			children = (
				CE35A7AF1E35E595007C8FC0 /* DEMOTests.m */,
				CE35A7B11E35E595007C8FC0 /* Info.plist */,
			);
			path = DEMOTests;
			sourceTree = "<group>";
		};
		CE35A7B91E35E595007C8FC0 /* DEMOUITests */ = {
			isa = PBXGroup;
			children = (
				CE35A7BA1E35E595007C8FC0 /* DEMOUITests.m */,
				CE35A7BC1E35E595007C8FC0 /* Info.plist */,
			);
			path = DEMOUITests;
			sourceTree = "<group>";
		};
/* End PBXGroup section */

/* Begin PBXNativeTarget section */
		CE35A7911E35E595007C8FC0 /* DEMO */ = {
			isa = PBXNativeTarget;
			buildConfigurationList = CE35A7BF1E35E595007C8FC0 /* Build configuration list for PBXNativeTarget "DEMO" */;
			buildPhases = (
				CE35A78E1E35E595007C8FC0 /* Sources */,
				CE35A78F1E35E595007C8FC0 /* Frameworks */,
				CE35A7901E35E595007C8FC0 /* Resources */,
				CE607F201F051FBB007E99DC /* Embed Frameworks */,
			);
			buildRules = (
			);
			dependencies = (
			);
			name = DEMO;
			productName = DEMO;
			productReference = CE35A7921E35E595007C8FC0 /* DEMO.app */;
			productType = "com.apple.product-type.application";
		};
		CE35A7AA1E35E595007C8FC0 /* DEMOTests */ = {
			isa = PBXNativeTarget;
			buildConfigurationList = CE35A7C21E35E595007C8FC0 /* Build configuration list for PBXNativeTarget "DEMOTests" */;
			buildPhases = (
				CE35A7A71E35E595007C8FC0 /* Sources */,
				CE35A7A81E35E595007C8FC0 /* Frameworks */,
				CE35A7A91E35E595007C8FC0 /* Resources */,
			);
			buildRules = (
			);
			dependencies = (
				CE35A7AD1E35E595007C8FC0 /* PBXTargetDependency */,
			);
			name = DEMOTests;
			productName = DEMOTests;
			productReference = CE35A7AB1E35E595007C8FC0 /* DEMOTests.xctest */;
			productType = "com.apple.product-type.bundle.unit-test";
		};
		CE35A7B51E35E595007C8FC0 /* DEMOUITests */ = {
			isa = PBXNativeTarget;
			buildConfigurationList = CE35A7C51E35E595007C8FC0 /* Build configuration list for PBXNativeTarget "DEMOUITests" */;
			buildPhases = (
				CE35A7B21E35E595007C8FC0 /* Sources */,
				CE35A7B31E35E595007C8FC0 /* Frameworks */,
				CE35A7B41E35E595007C8FC0 /* Resources */,
			);
			buildRules = (
			);
			dependencies = (
				CE35A7B81E35E595007C8FC0 /* PBXTargetDependency */,
			);
			name = DEMOUITests;
			productName = DEMOUITests;
			productReference = CE35A7B61E35E595007C8FC0 /* DEMOUITests.xctest */;
			productType = "com.apple.product-type.bundle.ui-testing";
		};
/* End PBXNativeTarget section */

/* Begin PBXProject section */
		CE35A78A1E35E594007C8FC0 /* Project object */ = {
			isa = PBXProject;
			attributes = {
				LastUpgradeCheck = 0830;
				ORGANIZATIONNAME = DingSoung;
				TargetAttributes = {
					CE35A7911E35E595007C8FC0 = {
						CreatedOnToolsVersion = 8.2.1;
						DevelopmentTeam = C6989DMQ59;
						LastSwiftMigration = 0820;
						ProvisioningStyle = Automatic;
					};
					CE35A7AA1E35E595007C8FC0 = {
						CreatedOnToolsVersion = 8.2.1;
						DevelopmentTeam = C6989DMQ59;
						LastSwiftMigration = 0820;
						ProvisioningStyle = Automatic;
						TestTargetID = CE35A7911E35E595007C8FC0;
					};
					CE35A7B51E35E595007C8FC0 = {
						CreatedOnToolsVersion = 8.2.1;
						DevelopmentTeam = C6989DMQ59;
						LastSwiftMigration = 0820;
						ProvisioningStyle = Automatic;
						TestTargetID = CE35A7911E35E595007C8FC0;
					};
				};
			};
			buildConfigurationList = CE35A78D1E35E594007C8FC0 /* Build configuration list for PBXProject "DEMO" */;
			compatibilityVersion = "Xcode 3.2";
			developmentRegion = English;
			hasScannedForEncodings = 0;
			knownRegions = (
				en,
				Base,
			);
			mainGroup = CE35A7891E35E594007C8FC0;
			productRefGroup = CE35A7931E35E595007C8FC0 /* Products */;
			projectDirPath = "";
			projectRoot = "";
			targets = (
				CE35A7911E35E595007C8FC0 /* DEMO */,
				CE35A7AA1E35E595007C8FC0 /* DEMOTests */,
				CE35A7B51E35E595007C8FC0 /* DEMOUITests */,
			);
		};
/* End PBXProject section */

/* Begin PBXResourcesBuildPhase section */
		CE35A7901E35E595007C8FC0 /* Resources */ = {
			isa = PBXResourcesBuildPhase;
			buildActionMask = 2147483647;
			files = (
				CE35A7A51E35E595007C8FC0 /* LaunchScreen.storyboard in Resources */,
				CE35A7A21E35E595007C8FC0 /* Assets.xcassets in Resources */,
				CE35A7A01E35E595007C8FC0 /* Main.storyboard in Resources */,
			);
			runOnlyForDeploymentPostprocessing = 0;
		};
		CE35A7A91E35E595007C8FC0 /* Resources */ = {
			isa = PBXResourcesBuildPhase;
			buildActionMask = 2147483647;
			files = (
			);
			runOnlyForDeploymentPostprocessing = 0;
		};
		CE35A7B41E35E595007C8FC0 /* Resources */ = {
			isa = PBXResourcesBuildPhase;
			buildActionMask = 2147483647;
			files = (
			);
			runOnlyForDeploymentPostprocessing = 0;
		};
/* End PBXResourcesBuildPhase section */

/* Begin PBXSourcesBuildPhase section */
		CE35A78E1E35E595007C8FC0 /* Sources */ = {
			isa = PBXSourcesBuildPhase;
			buildActionMask = 2147483647;
			files = (
				CE35A79D1E35E595007C8FC0 /* ViewController.m in Sources */,
				CE35A7F41E35E65F007C8FC0 /* DEMO.swift in Sources */,
				CE35A79A1E35E595007C8FC0 /* AppDelegate.m in Sources */,
				CE35A7971E35E595007C8FC0 /* main.m in Sources */,
			);
			runOnlyForDeploymentPostprocessing = 0;
		};
		CE35A7A71E35E595007C8FC0 /* Sources */ = {
			isa = PBXSourcesBuildPhase;
			buildActionMask = 2147483647;
			files = (
				CE35A7B01E35E595007C8FC0 /* DEMOTests.m in Sources */,
			);
			runOnlyForDeploymentPostprocessing = 0;
		};
		CE35A7B21E35E595007C8FC0 /* Sources */ = {
			isa = PBXSourcesBuildPhase;
			buildActionMask = 2147483647;
			files = (
				CE35A7BB1E35E595007C8FC0 /* DEMOUITests.m in Sources */,
			);
			runOnlyForDeploymentPostprocessing = 0;
		};
/* End PBXSourcesBuildPhase section */

/* Begin PBXTargetDependency section */
		CE35A7AD1E35E595007C8FC0 /* PBXTargetDependency */ = {
			isa = PBXTargetDependency;
			target = CE35A7911E35E595007C8FC0 /* DEMO */;
			targetProxy = CE35A7AC1E35E595007C8FC0 /* PBXContainerItemProxy */;
		};
		CE35A7B81E35E595007C8FC0 /* PBXTargetDependency */ = {
			isa = PBXTargetDependency;
			target = CE35A7911E35E595007C8FC0 /* DEMO */;
			targetProxy = CE35A7B71E35E595007C8FC0 /* PBXContainerItemProxy */;
		};
/* End PBXTargetDependency section */

/* Begin PBXVariantGroup section */
		CE35A79E1E35E595007C8FC0 /* Main.storyboard */ = {
			isa = PBXVariantGroup;
			children = (
				CE35A79F1E35E595007C8FC0 /* Base */,
			);
			name = Main.storyboard;
			sourceTree = "<group>";
		};
		CE35A7A31E35E595007C8FC0 /* LaunchScreen.storyboard */ = {
			isa = PBXVariantGroup;
			children = (
				CE35A7A41E35E595007C8FC0 /* Base */,
			);
			name = LaunchScreen.storyboard;
			sourceTree = "<group>";
		};
/* End PBXVariantGroup section */

/* Begin XCBuildConfiguration section */
		CE35A7BD1E35E595007C8FC0 /* Debug */ = {
			isa = XCBuildConfiguration;
			buildSettings = {
				ALWAYS_SEARCH_USER_PATHS = NO;
				CLANG_ANALYZER_NONNULL = YES;
				CLANG_CXX_LANGUAGE_STANDARD = "gnu++0x";
				CLANG_CXX_LIBRARY = "libc++";
				CLANG_ENABLE_MODULES = YES;
				CLANG_ENABLE_OBJC_ARC = YES;
				CLANG_WARN_BOOL_CONVERSION = YES;
				CLANG_WARN_CONSTANT_CONVERSION = YES;
				CLANG_WARN_DIRECT_OBJC_ISA_USAGE = YES_ERROR;
				CLANG_WARN_DOCUMENTATION_COMMENTS = YES;
				CLANG_WARN_EMPTY_BODY = YES;
				CLANG_WARN_ENUM_CONVERSION = YES;
				CLANG_WARN_INFINITE_RECURSION = YES;
				CLANG_WARN_INT_CONVERSION = YES;
				CLANG_WARN_OBJC_ROOT_CLASS = YES_ERROR;
				CLANG_WARN_SUSPICIOUS_MOVE = YES;
				CLANG_WARN_UNREACHABLE_CODE = YES;
				CLANG_WARN__DUPLICATE_METHOD_MATCH = YES;
				"CODE_SIGN_IDENTITY[sdk=iphoneos*]" = "iPhone Developer";
				COPY_PHASE_STRIP = NO;
				DEBUG_INFORMATION_FORMAT = dwarf;
				ENABLE_STRICT_OBJC_MSGSEND = YES;
				ENABLE_TESTABILITY = YES;
				GCC_C_LANGUAGE_STANDARD = gnu99;
				GCC_DYNAMIC_NO_PIC = NO;
				GCC_NO_COMMON_BLOCKS = YES;
				GCC_OPTIMIZATION_LEVEL = 0;
				GCC_PREPROCESSOR_DEFINITIONS = (
					"DEBUG=1",
					"$(inherited)",
				);
				GCC_WARN_64_TO_32_BIT_CONVERSION = YES;
				GCC_WARN_ABOUT_RETURN_TYPE = YES_ERROR;
				GCC_WARN_UNDECLARED_SELECTOR = YES;
				GCC_WARN_UNINITIALIZED_AUTOS = YES_AGGRESSIVE;
				GCC_WARN_UNUSED_FUNCTION = YES;
				GCC_WARN_UNUSED_VARIABLE = YES;
				IPHONEOS_DEPLOYMENT_TARGET = 10.2;
				MTL_ENABLE_DEBUG_INFO = YES;
				ONLY_ACTIVE_ARCH = YES;
				SDKROOT = iphoneos;
				TARGETED_DEVICE_FAMILY = "1,2";
			};
			name = Debug;
		};
		CE35A7BE1E35E595007C8FC0 /* Release */ = {
			isa = XCBuildConfiguration;
			buildSettings = {
				ALWAYS_SEARCH_USER_PATHS = NO;
				CLANG_ANALYZER_NONNULL = YES;
				CLANG_CXX_LANGUAGE_STANDARD = "gnu++0x";
				CLANG_CXX_LIBRARY = "libc++";
				CLANG_ENABLE_MODULES = YES;
				CLANG_ENABLE_OBJC_ARC = YES;
				CLANG_WARN_BOOL_CONVERSION = YES;
				CLANG_WARN_CONSTANT_CONVERSION = YES;
				CLANG_WARN_DIRECT_OBJC_ISA_USAGE = YES_ERROR;
				CLANG_WARN_DOCUMENTATION_COMMENTS = YES;
				CLANG_WARN_EMPTY_BODY = YES;
				CLANG_WARN_ENUM_CONVERSION = YES;
				CLANG_WARN_INFINITE_RECURSION = YES;
				CLANG_WARN_INT_CONVERSION = YES;
				CLANG_WARN_OBJC_ROOT_CLASS = YES_ERROR;
				CLANG_WARN_SUSPICIOUS_MOVE = YES;
				CLANG_WARN_UNREACHABLE_CODE = YES;
				CLANG_WARN__DUPLICATE_METHOD_MATCH = YES;
				"CODE_SIGN_IDENTITY[sdk=iphoneos*]" = "iPhone Developer";
				COPY_PHASE_STRIP = NO;
				DEBUG_INFORMATION_FORMAT = "dwarf-with-dsym";
				ENABLE_NS_ASSERTIONS = NO;
				ENABLE_STRICT_OBJC_MSGSEND = YES;
				GCC_C_LANGUAGE_STANDARD = gnu99;
				GCC_NO_COMMON_BLOCKS = YES;
				GCC_WARN_64_TO_32_BIT_CONVERSION = YES;
				GCC_WARN_ABOUT_RETURN_TYPE = YES_ERROR;
				GCC_WARN_UNDECLARED_SELECTOR = YES;
				GCC_WARN_UNINITIALIZED_AUTOS = YES_AGGRESSIVE;
				GCC_WARN_UNUSED_FUNCTION = YES;
				GCC_WARN_UNUSED_VARIABLE = YES;
				IPHONEOS_DEPLOYMENT_TARGET = 10.2;
				MTL_ENABLE_DEBUG_INFO = NO;
				SDKROOT = iphoneos;
				SWIFT_OPTIMIZATION_LEVEL = "-Owholemodule";
				TARGETED_DEVICE_FAMILY = "1,2";
				VALIDATE_PRODUCT = YES;
			};
			name = Release;
		};
		CE35A7C01E35E595007C8FC0 /* Debug */ = {
			isa = XCBuildConfiguration;
			buildSettings = {
				ASSETCATALOG_COMPILER_APPICON_NAME = AppIcon;
				DEVELOPMENT_TEAM = C6989DMQ59;
				FRAMEWORK_SEARCH_PATHS = (
					"$(inherited)",
					"$(PROJECT_DIR)",
				);
				GCC_PREFIX_HEADER = DEMO/PrefixHeader.pch;
				INFOPLIST_FILE = DEMO/Info.plist;
				IPHONEOS_DEPLOYMENT_TARGET = 8.0;
				LD_RUNPATH_SEARCH_PATHS = "$(inherited) @executable_path/Frameworks";
				PRODUCT_BUNDLE_IDENTIFIER = DingSoung.DEMO;
				PRODUCT_NAME = "$(TARGET_NAME)";
				SWIFT_OPTIMIZATION_LEVEL = "-Onone";
				SWIFT_VERSION = 3.0;
			};
			name = Debug;
		};
		CE35A7C11E35E595007C8FC0 /* Release */ = {
			isa = XCBuildConfiguration;
			buildSettings = {
				ASSETCATALOG_COMPILER_APPICON_NAME = AppIcon;
				DEVELOPMENT_TEAM = C6989DMQ59;
				FRAMEWORK_SEARCH_PATHS = (
					"$(inherited)",
					"$(PROJECT_DIR)",
				);
				GCC_PREFIX_HEADER = DEMO/PrefixHeader.pch;
				INFOPLIST_FILE = DEMO/Info.plist;
				IPHONEOS_DEPLOYMENT_TARGET = 8.0;
				LD_RUNPATH_SEARCH_PATHS = "$(inherited) @executable_path/Frameworks";
				PRODUCT_BUNDLE_IDENTIFIER = DingSoung.DEMO;
				PRODUCT_NAME = "$(TARGET_NAME)";
				SWIFT_VERSION = 3.0;
			};
			name = Release;
		};
		CE35A7C31E35E595007C8FC0 /* Debug */ = {
			isa = XCBuildConfiguration;
			buildSettings = {
				ALWAYS_EMBED_SWIFT_STANDARD_LIBRARIES = YES;
				BUNDLE_LOADER = "$(TEST_HOST)";
				DEVELOPMENT_TEAM = C6989DMQ59;
				INFOPLIST_FILE = DEMOTests/Info.plist;
				LD_RUNPATH_SEARCH_PATHS = "$(inherited) @executable_path/Frameworks @loader_path/Frameworks";
				PRODUCT_BUNDLE_IDENTIFIER = DingSoung.DEMOTests;
				PRODUCT_NAME = "$(TARGET_NAME)";
				SWIFT_VERSION = 3.0;
				TEST_HOST = "$(BUILT_PRODUCTS_DIR)/DEMO.app/DEMO";
			};
			name = Debug;
		};
		CE35A7C41E35E595007C8FC0 /* Release */ = {
			isa = XCBuildConfiguration;
			buildSettings = {
				ALWAYS_EMBED_SWIFT_STANDARD_LIBRARIES = YES;
				BUNDLE_LOADER = "$(TEST_HOST)";
				DEVELOPMENT_TEAM = C6989DMQ59;
				INFOPLIST_FILE = DEMOTests/Info.plist;
				LD_RUNPATH_SEARCH_PATHS = "$(inherited) @executable_path/Frameworks @loader_path/Frameworks";
				PRODUCT_BUNDLE_IDENTIFIER = DingSoung.DEMOTests;
				PRODUCT_NAME = "$(TARGET_NAME)";
				SWIFT_VERSION = 3.0;
				TEST_HOST = "$(BUILT_PRODUCTS_DIR)/DEMO.app/DEMO";
			};
			name = Release;
		};
		CE35A7C61E35E595007C8FC0 /* Debug */ = {
			isa = XCBuildConfiguration;
			buildSettings = {
				ALWAYS_EMBED_SWIFT_STANDARD_LIBRARIES = YES;
				DEVELOPMENT_TEAM = C6989DMQ59;
				INFOPLIST_FILE = DEMOUITests/Info.plist;
				LD_RUNPATH_SEARCH_PATHS = "$(inherited) @executable_path/Frameworks @loader_path/Frameworks";
				PRODUCT_BUNDLE_IDENTIFIER = DingSoung.DEMOUITests;
				PRODUCT_NAME = "$(TARGET_NAME)";
				SWIFT_VERSION = 3.0;
				TEST_TARGET_NAME = DEMO;
			};
			name = Debug;
		};
		CE35A7C71E35E595007C8FC0 /* Release */ = {
			isa = XCBuildConfiguration;
			buildSettings = {
				ALWAYS_EMBED_SWIFT_STANDARD_LIBRARIES = YES;
				DEVELOPMENT_TEAM = C6989DMQ59;
				INFOPLIST_FILE = DEMOUITests/Info.plist;
				LD_RUNPATH_SEARCH_PATHS = "$(inherited) @executable_path/Frameworks @loader_path/Frameworks";
				PRODUCT_BUNDLE_IDENTIFIER = DingSoung.DEMOUITests;
				PRODUCT_NAME = "$(TARGET_NAME)";
				SWIFT_VERSION = 3.0;
				TEST_TARGET_NAME = DEMO;
			};
			name = Release;
		};
/* End XCBuildConfiguration section */

/* Begin XCConfigurationList section */
		CE35A78D1E35E594007C8FC0 /* Build configuration list for PBXProject "DEMO" */ = {
			isa = XCConfigurationList;
			buildConfigurations = (
				CE35A7BD1E35E595007C8FC0 /* Debug */,
				CE35A7BE1E35E595007C8FC0 /* Release */,
			);
			defaultConfigurationIsVisible = 0;
			defaultConfigurationName = Release;
		};
		CE35A7BF1E35E595007C8FC0 /* Build configuration list for PBXNativeTarget "DEMO" */ = {
			isa = XCConfigurationList;
			buildConfigurations = (
				CE35A7C01E35E595007C8FC0 /* Debug */,
				CE35A7C11E35E595007C8FC0 /* Release */,
			);
			defaultConfigurationIsVisible = 0;
			defaultConfigurationName = Release;
		};
		CE35A7C21E35E595007C8FC0 /* Build configuration list for PBXNativeTarget "DEMOTests" */ = {
			isa = XCConfigurationList;
			buildConfigurations = (
				CE35A7C31E35E595007C8FC0 /* Debug */,
				CE35A7C41E35E595007C8FC0 /* Release */,
			);
			defaultConfigurationIsVisible = 0;
			defaultConfigurationName = Release;
		};
		CE35A7C51E35E595007C8FC0 /* Build configuration list for PBXNativeTarget "DEMOUITests" */ = {
			isa = XCConfigurationList;
			buildConfigurations = (
				CE35A7C61E35E595007C8FC0 /* Debug */,
				CE35A7C71E35E595007C8FC0 /* Release */,
			);
			defaultConfigurationIsVisible = 0;
			defaultConfigurationName = Release;
		};
/* End XCConfigurationList section */
	};
	rootObject = CE35A78A1E35E594007C8FC0 /* Project object */;
}
